<?xml version="1.0" encoding="utf-8"?>
<Project ToolsVersion="4.0" xmlns="http://schemas.microsoft.com/developer/msbuild/2003">
  <ItemGroup>
    <ClInclude Include="..\Header\EngineDefine.h">
      <Filter>Engine\Headers</Filter>
    </ClInclude>
    <ClInclude Include="..\Header\EngineEnum.h">
      <Filter>Engine\Headers</Filter>
    </ClInclude>
    <ClInclude Include="..\Header\EngineMacro.h">
      <Filter>Engine\Headers</Filter>
    </ClInclude>
    <ClInclude Include="..\Header\EngineStruct.h">
      <Filter>Engine\Headers</Filter>
    </ClInclude>
    <ClInclude Include="..\Header\EngineTypedef.h">
      <Filter>Engine\Headers</Filter>
    </ClInclude>
    <ClInclude Include="..\Header\framework.h">
      <Filter>Engine\Headers</Filter>
    </ClInclude>
    <ClInclude Include="epch.h">
      <Filter>Default</Filter>
    </ClInclude>
    <ClInclude Include="..\Header\GraphicDevice.h">
      <Filter>DirectX</Filter>
    </ClInclude>
    <ClInclude Include="..\Header\EngineFunction.h">
      <Filter>Engine\Headers</Filter>
    </ClInclude>
    <ClInclude Include="..\Header\Component.h">
      <Filter>Component</Filter>
    </ClInclude>
    <ClInclude Include="..\Header\Scene.h">
      <Filter>Management\Scene</Filter>
    </ClInclude>
    <ClInclude Include="..\Header\SceneManager.h">
      <Filter>Management\Scene</Filter>
    </ClInclude>
    <ClInclude Include="..\Header\Object.h">
      <Filter>Default</Filter>
    </ClInclude>
    <ClInclude Include="..\Header\GameObject.h">
      <Filter>Management\GameObject</Filter>
    </ClInclude>
    <ClInclude Include="..\Header\EngineTime.h">
      <Filter>System\Time</Filter>
    </ClInclude>
    <ClInclude Include="..\Header\Timer.h">
      <Filter>System\Time</Filter>
    </ClInclude>
    <ClInclude Include="..\Header\EngineDebug.h">
      <Filter>System\Debug</Filter>
    </ClInclude>
    <ClInclude Include="..\Header\Input.h">
      <Filter>System\Input</Filter>
    </ClInclude>
    <ClInclude Include="..\Header\Display.h">
      <Filter>Window</Filter>
    </ClInclude>
    <ClInclude Include="..\Header\MainProcess.h">
      <Filter>Window</Filter>
    </ClInclude>
    <ClInclude Include="..\Header\Transform.h">
      <Filter>Component\Transform</Filter>
    </ClInclude>
    <ClInclude Include="..\Header\TestClass.h" />
  </ItemGroup>
  <ItemGroup>
    <Filter Include="Engine">
      <UniqueIdentifier>{3638ba3e-a75e-4585-b985-30c158a5bb9c}</UniqueIdentifier>
    </Filter>
    <Filter Include="Default">
      <UniqueIdentifier>{ea236076-8edf-431e-8fc7-a10b34749ffd}</UniqueIdentifier>
    </Filter>
    <Filter Include="DirectX">
      <UniqueIdentifier>{fe65441d-7fe3-4aa3-a77a-1f1db4aed0a0}</UniqueIdentifier>
    </Filter>
    <Filter Include="Engine\Headers">
      <UniqueIdentifier>{240ae53d-6561-4cfe-b6df-857f49379c42}</UniqueIdentifier>
    </Filter>
    <Filter Include="Component">
      <UniqueIdentifier>{b26f12a9-4ef8-4c23-91d7-ed3c07bfae0d}</UniqueIdentifier>
    </Filter>
    <Filter Include="Management">
      <UniqueIdentifier>{99f28925-828e-4a8c-839d-05a156844934}</UniqueIdentifier>
    </Filter>
    <Filter Include="Management\Scene">
      <UniqueIdentifier>{bc549d06-3cc8-475a-8d47-2888c271591d}</UniqueIdentifier>
    </Filter>
    <Filter Include="Management\GameObject">
      <UniqueIdentifier>{2462ffd7-d509-42f6-9db9-f19741d1f5f3}</UniqueIdentifier>
    </Filter>
    <Filter Include="System">
      <UniqueIdentifier>{807548a6-0619-49e1-9596-d242c3ea8cd8}</UniqueIdentifier>
    </Filter>
    <Filter Include="System\Time">
      <UniqueIdentifier>{ced00dd4-455f-41c3-a236-b74444636d5d}</UniqueIdentifier>
    </Filter>
    <Filter Include="System\Debug">
      <UniqueIdentifier>{9a632704-5282-40e4-bb28-7f2094c49021}</UniqueIdentifier>
    </Filter>
    <Filter Include="System\Input">
      <UniqueIdentifier>{16f8070f-cb75-4847-a40c-c847b1fecdca}</UniqueIdentifier>
    </Filter>
    <Filter Include="Window">
      <UniqueIdentifier>{1c6d9619-5592-42af-9755-fd84bb861c52}</UniqueIdentifier>
    </Filter>
    <Filter Include="Component\Transform">
      <UniqueIdentifier>{b43cf096-3292-4bfd-8cc1-a59301bb9d7f}</UniqueIdentifier>
    </Filter>
  </ItemGroup>
  <ItemGroup>
    <ClCompile Include="epch.cpp">
      <Filter>Default</Filter>
    </ClCompile>
    <ClCompile Include="..\Header\GraphicDevice.cpp">
      <Filter>DirectX</Filter>
    </ClCompile>
    <ClCompile Include="..\Code\Component.cpp">
      <Filter>Component</Filter>
    </ClCompile>
    <ClCompile Include="..\Code\Scene.cpp">
      <Filter>Management\Scene</Filter>
    </ClCompile>
    <ClCompile Include="..\Code\SceneManager.cpp">
      <Filter>Management\Scene</Filter>
    </ClCompile>
    <ClCompile Include="..\Code\Object.cpp">
      <Filter>Default</Filter>
    </ClCompile>
    <ClCompile Include="..\Code\GameObject.cpp">
      <Filter>Management\GameObject</Filter>
    </ClCompile>
    <ClCompile Include="..\Code\EngineTime.cpp">
      <Filter>System\Time</Filter>
    </ClCompile>
    <ClCompile Include="..\Code\Timer.cpp">
      <Filter>System\Time</Filter>
    </ClCompile>
    <ClCompile Include="..\Code\EngineDebug.cpp">
      <Filter>System\Debug</Filter>
    </ClCompile>
    <ClCompile Include="..\Code\Input.cpp">
      <Filter>System\Input</Filter>
    </ClCompile>
    <ClCompile Include="..\Code\Display.cpp">
      <Filter>Window</Filter>
    </ClCompile>
    <ClCompile Include="..\Code\MainProcess.cpp">
      <Filter>Window</Filter>
    </ClCompile>
    <ClCompile Include="..\Code\Transform.cpp">
      <Filter>Component\Transform</Filter>
    </ClCompile>
    <ClCompile Include="..\Code\TestClass.cpp" />
  </ItemGroup>
</Project>