<?xml version="1.0" encoding="utf-8"?>
<Project ToolsVersion="4.0" xmlns="http://schemas.microsoft.com/developer/msbuild/2003">
  <ItemGroup>
    <ClInclude Include="..\Header\EngineDefine.h">
      <Filter>Engine\Headers</Filter>
    </ClInclude>
    <ClInclude Include="..\Header\EngineEnum.h">
      <Filter>Engine\Headers</Filter>
    </ClInclude>
    <ClInclude Include="..\Header\EngineMacro.h">
      <Filter>Engine\Headers</Filter>
    </ClInclude>
    <ClInclude Include="..\Header\EngineStruct.h">
      <Filter>Engine\Headers</Filter>
    </ClInclude>
    <ClInclude Include="..\Header\EngineTypedef.h">
      <Filter>Engine\Headers</Filter>
    </ClInclude>
    <ClInclude Include="..\Header\framework.h">
      <Filter>Engine\Headers</Filter>
    </ClInclude>
    <ClInclude Include="epch.h">
      <Filter>Default</Filter>
    </ClInclude>
    <ClInclude Include="..\Header\GraphicDevice.h">
      <Filter>Engine\DirectX</Filter>
    </ClInclude>
    <ClInclude Include="..\Header\EngineFunction.h">
      <Filter>Engine\Headers</Filter>
    </ClInclude>
    <ClInclude Include="..\Header\Component.h">
      <Filter>Components</Filter>
    </ClInclude>
    <ClInclude Include="..\Header\Scene.h">
      <Filter>Management\Scene</Filter>
    </ClInclude>
    <ClInclude Include="..\Header\SceneManager.h">
      <Filter>Management\Scene</Filter>
    </ClInclude>
    <ClInclude Include="..\Header\GameObject.h">
      <Filter>Management\GameObject</Filter>
    </ClInclude>
    <ClInclude Include="..\Header\EngineTime.h">
      <Filter>System\Time</Filter>
    </ClInclude>
    <ClInclude Include="..\Header\Timer.h">
      <Filter>System\Time</Filter>
    </ClInclude>
    <ClInclude Include="..\Header\EngineDebug.h">
      <Filter>System\Debug</Filter>
    </ClInclude>
    <ClInclude Include="..\Header\Input.h">
      <Filter>System\Input</Filter>
    </ClInclude>
    <ClInclude Include="..\Header\Display.h">
      <Filter>Window</Filter>
    </ClInclude>
    <ClInclude Include="..\Header\MainProcess.h">
      <Filter>Window</Filter>
    </ClInclude>
    <ClInclude Include="..\Header\Transform.h">
      <Filter>Components\Navigation\Transform</Filter>
    </ClInclude>
    <ClInclude Include="..\Header\MeshBuffer.h">
      <Filter>Resource\MeshBuffer</Filter>
    </ClInclude>
    <ClInclude Include="..\Header\Camera.h">
      <Filter>Components\Camera</Filter>
    </ClInclude>
    <ClInclude Include="..\Header\Material.h">
      <Filter>Resource\Material</Filter>
    </ClInclude>
    <ClInclude Include="resource.h">
      <Filter>Default</Filter>
    </ClInclude>
    <ClInclude Include="..\Header\Object.h">
      <Filter>Engine</Filter>
    </ClInclude>
    <ClInclude Include="..\Header\Resources.h">
      <Filter>Resource</Filter>
    </ClInclude>
    <ClInclude Include="..\Header\RectTransform.h">
      <Filter>Components\Navigation\Transform</Filter>
    </ClInclude>
    <ClInclude Include="..\Header\MeshFilter.h">
      <Filter>Components\Navigation\Render</Filter>
    </ClInclude>
    <ClInclude Include="..\Header\Editor.h">
      <Filter>Editor</Filter>
    </ClInclude>
    <ClInclude Include="..\Header\EditorCamera.h">
      <Filter>Components\Camera</Filter>
    </ClInclude>
    <ClInclude Include="..\Header\EngineResource.h">
      <Filter>Resource</Filter>
    </ClInclude>
    <ClInclude Include="..\Header\Texture.h">
      <Filter>Resource\Texture</Filter>
    </ClInclude>
    <ClInclude Include="..\Header\AnimationClip.h">
      <Filter>Resource\Animation</Filter>
    </ClInclude>
    <ClInclude Include="..\Header\Renderer.h">
      <Filter>Components\Navigation\Render\Renderer</Filter>
    </ClInclude>
    <ClInclude Include="..\Header\SkinnedMeshRenderer.h">
      <Filter>Components\Navigation\Render\Renderer</Filter>
    </ClInclude>
    <ClInclude Include="..\Header\SkinnedMeshBuffer.h">
      <Filter>Resource\MeshBuffer</Filter>
    </ClInclude>
    <ClInclude Include="..\Header\Animator.h">
      <Filter>Components\Animator</Filter>
    </ClInclude>
    <ClInclude Include="..\Header\EngineString.h">
      <Filter>System\String</Filter>
    </ClInclude>
    <ClInclude Include="..\Header\HierachyBox.h">
      <Filter>Editor\EditorBox</Filter>
    </ClInclude>
    <ClInclude Include="..\Header\EditorBox.h">
      <Filter>Editor\EditorBox</Filter>
    </ClInclude>
    <ClInclude Include="..\Header\SceneLoader.h">
      <Filter>Management\Scene</Filter>
    </ClInclude>
    <ClInclude Include="..\Header\InspectorBox.h">
      <Filter>Editor\EditorBox</Filter>
    </ClInclude>
    <ClInclude Include="..\Header\TopToolBar.h">
      <Filter>Editor\EditorBox</Filter>
    </ClInclude>
    <ClInclude Include="..\Header\Shader.h">
      <Filter>Resource\Shader</Filter>
    </ClInclude>
    <ClInclude Include="..\Header\UIManager.h">
      <Filter>System\UI</Filter>
    </ClInclude>
    <ClInclude Include="..\Header\Canvas.h">
      <Filter>Components\UI</Filter>
    </ClInclude>
    <ClInclude Include="..\Header\UI.h">
      <Filter>Components\UI</Filter>
    </ClInclude>
    <ClInclude Include="..\Header\Image.h">
      <Filter>Components\UI\UIContents</Filter>
    </ClInclude>
    <ClInclude Include="..\Header\Light.h">
      <Filter>Components\Light</Filter>
    </ClInclude>
    <ClInclude Include="..\Header\Physics.h">
      <Filter>Physics</Filter>
    </ClInclude>
    <ClInclude Include="..\Header\ProjectBox.h">
      <Filter>Editor\EditorBox</Filter>
    </ClInclude>
    <ClInclude Include="..\Header\SkyBox.h">
      <Filter>Resource\MeshBuffer</Filter>
    </ClInclude>
    <ClInclude Include="..\Header\Terrain.h">
      <Filter>Resource\MeshBuffer</Filter>
    </ClInclude>
    <ClInclude Include="..\Header\Text.h">
      <Filter>Components\UI\UIContents</Filter>
    </ClInclude>
    <ClInclude Include="..\Header\Font.h">
      <Filter>Resource\Font</Filter>
    </ClInclude>
    <ClInclude Include="..\Header\NaviMesh.h">
      <Filter>Resource\MeshBuffer</Filter>
    </ClInclude>
    <ClInclude Include="..\Header\MeshRenderer.h">
      <Filter>Components\Navigation\Render\Renderer</Filter>
    </ClInclude>
    <ClInclude Include="..\Header\Random.h">
      <Filter>System\Random</Filter>
    </ClInclude>
    <ClInclude Include="..\Header\NavMeshAgent.h">
      <Filter>Components\Navigation</Filter>
    </ClInclude>
    <ClInclude Include="..\Header\BoxCollider.h">
      <Filter>Components\Physics\Collider</Filter>
    </ClInclude>
    <ClInclude Include="..\Header\Collider.h">
      <Filter>Components\Physics\Collider</Filter>
    </ClInclude>
    <ClInclude Include="..\Header\CollisionManager.h">
      <Filter>Physics</Filter>
    </ClInclude>
    <ClInclude Include="..\Header\RigidBody.h">
      <Filter>Components\Physics</Filter>
    </ClInclude>
    <ClInclude Include="..\Header\SphereCollider.h">
      <Filter>Components\Physics\Collider</Filter>
    </ClInclude>
  </ItemGroup>
  <ItemGroup>
    <Filter Include="Engine">
      <UniqueIdentifier>{3638ba3e-a75e-4585-b985-30c158a5bb9c}</UniqueIdentifier>
    </Filter>
    <Filter Include="Default">
      <UniqueIdentifier>{ea236076-8edf-431e-8fc7-a10b34749ffd}</UniqueIdentifier>
    </Filter>
    <Filter Include="Engine\Headers">
      <UniqueIdentifier>{240ae53d-6561-4cfe-b6df-857f49379c42}</UniqueIdentifier>
    </Filter>
    <Filter Include="Management">
      <UniqueIdentifier>{99f28925-828e-4a8c-839d-05a156844934}</UniqueIdentifier>
    </Filter>
    <Filter Include="Management\Scene">
      <UniqueIdentifier>{bc549d06-3cc8-475a-8d47-2888c271591d}</UniqueIdentifier>
    </Filter>
    <Filter Include="Management\GameObject">
      <UniqueIdentifier>{2462ffd7-d509-42f6-9db9-f19741d1f5f3}</UniqueIdentifier>
    </Filter>
    <Filter Include="System">
      <UniqueIdentifier>{807548a6-0619-49e1-9596-d242c3ea8cd8}</UniqueIdentifier>
    </Filter>
    <Filter Include="System\Time">
      <UniqueIdentifier>{ced00dd4-455f-41c3-a236-b74444636d5d}</UniqueIdentifier>
    </Filter>
    <Filter Include="System\Debug">
      <UniqueIdentifier>{9a632704-5282-40e4-bb28-7f2094c49021}</UniqueIdentifier>
    </Filter>
    <Filter Include="System\Input">
      <UniqueIdentifier>{16f8070f-cb75-4847-a40c-c847b1fecdca}</UniqueIdentifier>
    </Filter>
    <Filter Include="Window">
      <UniqueIdentifier>{1c6d9619-5592-42af-9755-fd84bb861c52}</UniqueIdentifier>
    </Filter>
    <Filter Include="Resource">
      <UniqueIdentifier>{32b85b70-b413-4afa-81f2-18b3ea430c0c}</UniqueIdentifier>
    </Filter>
    <Filter Include="Engine\DirectX">
      <UniqueIdentifier>{fe65441d-7fe3-4aa3-a77a-1f1db4aed0a0}</UniqueIdentifier>
    </Filter>
    <Filter Include="System\Imgui">
      <UniqueIdentifier>{10c0315d-eae9-4b06-8f65-f1a60836357b}</UniqueIdentifier>
    </Filter>
    <Filter Include="Editor">
      <UniqueIdentifier>{e57ee9b9-e587-45a2-bd09-b2a4ea8966e8}</UniqueIdentifier>
    </Filter>
    <Filter Include="Resource\Texture">
      <UniqueIdentifier>{d3bfe6a9-91e9-4460-b1b2-3d6ffc312258}</UniqueIdentifier>
    </Filter>
    <Filter Include="Resource\Animation">
      <UniqueIdentifier>{66c10c99-3f4d-4a84-8cf8-bae5005e5571}</UniqueIdentifier>
    </Filter>
    <Filter Include="Resource\Material">
      <UniqueIdentifier>{ff070008-c856-4498-a70c-0964b8f68cb0}</UniqueIdentifier>
    </Filter>
    <Filter Include="System\String">
      <UniqueIdentifier>{b05e896d-c74b-4eb9-9b77-a362801a3f2e}</UniqueIdentifier>
    </Filter>
    <Filter Include="Editor\EditorBox">
      <UniqueIdentifier>{f02dcc36-a2b2-44de-9d7a-69c582d63e81}</UniqueIdentifier>
    </Filter>
    <Filter Include="Resource\MeshBuffer">
      <UniqueIdentifier>{d66f54ef-9586-4b17-93bc-2206c9e3b325}</UniqueIdentifier>
    </Filter>
    <Filter Include="Resource\Shader">
      <UniqueIdentifier>{bdeabc89-ffd2-4664-ab5f-40105daaa391}</UniqueIdentifier>
    </Filter>
    <Filter Include="Components">
      <UniqueIdentifier>{b26f12a9-4ef8-4c23-91d7-ed3c07bfae0d}</UniqueIdentifier>
    </Filter>
    <Filter Include="Components\Camera">
      <UniqueIdentifier>{13c5e534-fed3-47c8-87a7-f04e0066d5f9}</UniqueIdentifier>
    </Filter>
    <Filter Include="Components\Animator">
      <UniqueIdentifier>{9b13f646-b322-48f1-b39e-7cc784eb49b5}</UniqueIdentifier>
    </Filter>
    <Filter Include="System\UI">
      <UniqueIdentifier>{86549875-3b27-40ce-9dd6-219ee1be20e9}</UniqueIdentifier>
    </Filter>
    <Filter Include="Components\UI">
      <UniqueIdentifier>{511ad8be-e748-43ab-a669-e924d53b9e63}</UniqueIdentifier>
    </Filter>
    <Filter Include="Components\UI\UIContents">
      <UniqueIdentifier>{52f3d678-cc67-4e3b-bbb0-59a1b574f1ce}</UniqueIdentifier>
    </Filter>
    <Filter Include="Components\Light">
      <UniqueIdentifier>{838c0c00-6e95-4875-877c-6d3835f8427b}</UniqueIdentifier>
    </Filter>
    <Filter Include="Physics">
      <UniqueIdentifier>{51d2a266-3de0-4dcf-8589-2d5d539001c2}</UniqueIdentifier>
    </Filter>
    <Filter Include="Resource\Font">
      <UniqueIdentifier>{ef41f489-6b55-4d53-8ed8-0f6bdce52f19}</UniqueIdentifier>
    </Filter>
    <Filter Include="System\Random">
      <UniqueIdentifier>{71d9ef5a-ecf0-4d3a-8ff6-8bae57cf54fa}</UniqueIdentifier>
    </Filter>
    <Filter Include="Components\Navigation">
      <UniqueIdentifier>{3c6f5cc5-a1e2-49c7-ba19-efd475ae7534}</UniqueIdentifier>
    </Filter>
    <Filter Include="Components\Navigation\Render">
      <UniqueIdentifier>{50387977-913a-4547-b042-489a31412937}</UniqueIdentifier>
    </Filter>
    <Filter Include="Components\Navigation\Render\Renderer">
      <UniqueIdentifier>{78b8f819-ab78-47f1-96c7-40d3ce8c5126}</UniqueIdentifier>
    </Filter>
    <Filter Include="Components\Navigation\Transform">
      <UniqueIdentifier>{b43cf096-3292-4bfd-8cc1-a59301bb9d7f}</UniqueIdentifier>
    </Filter>
    <Filter Include="Components\Physics">
      <UniqueIdentifier>{41d5a9ca-5ef1-4cd8-a48e-718c2cc696d0}</UniqueIdentifier>
    </Filter>
    <Filter Include="Components\Physics\Collider">
      <UniqueIdentifier>{7fce18fa-1c1c-450e-b79b-34b4317f5394}</UniqueIdentifier>
    </Filter>
  </ItemGroup>
  <ItemGroup>
    <ClCompile Include="epch.cpp">
      <Filter>Default</Filter>
    </ClCompile>
    <ClCompile Include="..\Header\GraphicDevice.cpp">
      <Filter>Engine\DirectX</Filter>
    </ClCompile>
    <ClCompile Include="..\Code\Scene.cpp">
      <Filter>Management\Scene</Filter>
    </ClCompile>
    <ClCompile Include="..\Code\SceneManager.cpp">
      <Filter>Management\Scene</Filter>
    </ClCompile>
    <ClCompile Include="..\Code\GameObject.cpp">
      <Filter>Management\GameObject</Filter>
    </ClCompile>
    <ClCompile Include="..\Code\EngineTime.cpp">
      <Filter>System\Time</Filter>
    </ClCompile>
    <ClCompile Include="..\Code\Timer.cpp">
      <Filter>System\Time</Filter>
    </ClCompile>
    <ClCompile Include="..\Code\EngineDebug.cpp">
      <Filter>System\Debug</Filter>
    </ClCompile>
    <ClCompile Include="..\Code\Input.cpp">
      <Filter>System\Input</Filter>
    </ClCompile>
    <ClCompile Include="..\Code\Display.cpp">
      <Filter>Window</Filter>
    </ClCompile>
    <ClCompile Include="..\Code\MainProcess.cpp">
      <Filter>Window</Filter>
    </ClCompile>
    <ClCompile Include="..\Code\Transform.cpp">
      <Filter>Components\Navigation\Transform</Filter>
    </ClCompile>
    <ClCompile Include="..\Code\MeshBuffer.cpp">
      <Filter>Resource\MeshBuffer</Filter>
    </ClCompile>
    <ClCompile Include="..\Code\Camera.cpp">
      <Filter>Components\Camera</Filter>
    </ClCompile>
    <ClCompile Include="..\Code\Material.cpp">
      <Filter>Resource\Material</Filter>
    </ClCompile>
    <ClCompile Include="..\Code\Object.cpp">
      <Filter>Engine</Filter>
    </ClCompile>
    <ClCompile Include="..\Code\Resources.cpp">
      <Filter>Resource</Filter>
    </ClCompile>
    <ClCompile Include="..\Code\RectTransform.cpp">
      <Filter>Components\Navigation\Transform</Filter>
    </ClCompile>
    <ClCompile Include="..\Code\MeshFilter.cpp">
      <Filter>Components\Navigation\Render</Filter>
    </ClCompile>
    <ClCompile Include="..\Header\EngineStruct.cpp">
      <Filter>Engine\Headers</Filter>
    </ClCompile>
    <ClCompile Include="..\Code\Editor.cpp">
      <Filter>Editor</Filter>
    </ClCompile>
    <ClCompile Include="..\Code\imgui.cpp">
      <Filter>System\Imgui</Filter>
    </ClCompile>
    <ClCompile Include="..\Code\imgui_demo.cpp">
      <Filter>System\Imgui</Filter>
    </ClCompile>
    <ClCompile Include="..\Code\imgui_draw.cpp">
      <Filter>System\Imgui</Filter>
    </ClCompile>
    <ClCompile Include="..\Code\imgui_impl_dx11.cpp">
      <Filter>System\Imgui</Filter>
    </ClCompile>
    <ClCompile Include="..\Code\imgui_impl_win32.cpp">
      <Filter>System\Imgui</Filter>
    </ClCompile>
    <ClCompile Include="..\Code\imgui_tables.cpp">
      <Filter>System\Imgui</Filter>
    </ClCompile>
    <ClCompile Include="..\Code\imgui_widgets.cpp">
      <Filter>System\Imgui</Filter>
    </ClCompile>
    <ClCompile Include="..\Code\EditorCamera.cpp">
      <Filter>Components\Camera</Filter>
    </ClCompile>
    <ClCompile Include="..\Code\WICTextureLoader.cpp">
      <Filter>Engine\DirectX</Filter>
    </ClCompile>
    <ClCompile Include="..\Code\EngineResource.cpp">
      <Filter>Resource</Filter>
    </ClCompile>
    <ClCompile Include="..\Code\Texture.cpp">
      <Filter>Resource\Texture</Filter>
    </ClCompile>
    <ClCompile Include="..\Code\AnimationClip.cpp">
      <Filter>Resource\Animation</Filter>
    </ClCompile>
    <ClCompile Include="..\Code\Renderer.cpp">
      <Filter>Components\Navigation\Render\Renderer</Filter>
    </ClCompile>
    <ClCompile Include="..\Code\MeshRenderer.cpp">
      <Filter>Components\Navigation\Render\Renderer</Filter>
    </ClCompile>
    <ClCompile Include="..\Code\SkinnedMeshRenderer.cpp">
      <Filter>Components\Navigation\Render\Renderer</Filter>
    </ClCompile>
    <ClCompile Include="..\Header\SkinnedMeshBuffer.cpp">
      <Filter>Resource\MeshBuffer</Filter>
    </ClCompile>
    <ClCompile Include="..\Code\Animator.cpp">
      <Filter>Components\Animator</Filter>
    </ClCompile>
    <ClCompile Include="..\Code\EngineString.cpp">
      <Filter>System\String</Filter>
    </ClCompile>
    <ClCompile Include="..\Code\HierachyBox.cpp">
      <Filter>Editor\EditorBox</Filter>
    </ClCompile>
    <ClCompile Include="..\Code\EditorBox.cpp">
      <Filter>Editor\EditorBox</Filter>
    </ClCompile>
    <ClCompile Include="..\Code\SceneLoader.cpp">
      <Filter>Management\Scene</Filter>
    </ClCompile>
    <ClCompile Include="..\Code\InspectorBox.cpp">
      <Filter>Editor\EditorBox</Filter>
    </ClCompile>
    <ClCompile Include="..\Code\ImGuizmo.cpp">
      <Filter>System\Imgui</Filter>
    </ClCompile>
    <ClCompile Include="..\Code\TopToolBar.cpp">
      <Filter>Editor\EditorBox</Filter>
    </ClCompile>
    <ClCompile Include="..\Code\imgui_stdlib.cpp">
      <Filter>System\Imgui</Filter>
    </ClCompile>
    <ClCompile Include="..\Code\Shader.cpp">
      <Filter>Resource\Shader</Filter>
    </ClCompile>
    <ClCompile Include="..\Code\UIManager.cpp">
      <Filter>System\UI</Filter>
    </ClCompile>
    <ClCompile Include="..\Code\Canvas.cpp">
      <Filter>Components\UI</Filter>
    </ClCompile>
    <ClCompile Include="..\Code\UI.cpp">
      <Filter>Components\UI</Filter>
    </ClCompile>
    <ClCompile Include="..\Code\Image.cpp">
      <Filter>Components\UI\UIContents</Filter>
    </ClCompile>
    <ClCompile Include="..\Code\Light.cpp">
      <Filter>Components\Light</Filter>
    </ClCompile>
    <ClCompile Include="..\Code\Physics.cpp">
      <Filter>Physics</Filter>
    </ClCompile>
    <ClCompile Include="..\Code\ProjectBox.cpp">
      <Filter>Editor\EditorBox</Filter>
    </ClCompile>
    <ClCompile Include="..\Code\SkyBox.cpp">
      <Filter>Resource\MeshBuffer</Filter>
    </ClCompile>
    <ClCompile Include="..\Code\Terrain.cpp">
      <Filter>Resource\MeshBuffer</Filter>
    </ClCompile>
    <ClCompile Include="..\Code\Text.cpp">
      <Filter>Components\UI\UIContents</Filter>
    </ClCompile>
    <ClCompile Include="..\Code\Font.cpp">
      <Filter>Resource\Font</Filter>
    </ClCompile>
    <ClCompile Include="..\Code\NaviMesh.cpp">
      <Filter>Resource\MeshBuffer</Filter>
    </ClCompile>
    <ClCompile Include="..\Code\Random.cpp">
      <Filter>System\Random</Filter>
    </ClCompile>
    <ClCompile Include="..\Code\NavMeshAgent.cpp">
      <Filter>Components\Navigation</Filter>
    </ClCompile>
    <ClCompile Include="..\Code\BoxCollider.cpp">
      <Filter>Components\Physics\Collider</Filter>
    </ClCompile>
    <ClCompile Include="..\Code\Collider.cpp">
      <Filter>Components\Physics\Collider</Filter>
    </ClCompile>
    <ClCompile Include="..\Code\Component.cpp">
      <Filter>Components</Filter>
    </ClCompile>
    <ClCompile Include="..\Code\CollisionManager.cpp">
      <Filter>Physics</Filter>
    </ClCompile>
    <ClCompile Include="..\Header\RigidBody.cpp">
      <Filter>Components\Physics</Filter>
    </ClCompile>
    <ClCompile Include="..\Code\SphereCollider.cpp">
      <Filter>Components\Physics\Collider</Filter>
    </ClCompile>
  </ItemGroup>
  <ItemGroup>
    <ResourceCompile Include="Engine.rc">
      <Filter>Default</Filter>
    </ResourceCompile>
  </ItemGroup>
</Project>