<?xml version="1.0" encoding="utf-8"?>
<Project ToolsVersion="4.0" xmlns="http://schemas.microsoft.com/developer/msbuild/2003">
  <ItemGroup>
    <Filter Include="Default">
      <UniqueIdentifier>{8b3e34ce-8c99-4032-a9a3-e6a0bb05b5a3}</UniqueIdentifier>
    </Filter>
    <Filter Include="Client">
      <UniqueIdentifier>{852db554-57a8-42fa-8932-8aedd43767e8}</UniqueIdentifier>
    </Filter>
    <Filter Include="Scripts">
      <UniqueIdentifier>{4e9e2feb-d1d4-4d65-9a54-e50cbc00863d}</UniqueIdentifier>
    </Filter>
    <Filter Include="Scripts\Object">
      <UniqueIdentifier>{c3c838b3-fad6-4c6b-a95f-3ec27fda1e3f}</UniqueIdentifier>
    </Filter>
    <Filter Include="Scripts\Scene">
      <UniqueIdentifier>{f86f4b3c-77f8-417b-a472-cd7c4aae6129}</UniqueIdentifier>
    </Filter>
    <Filter Include="Scripts\Managers">
      <UniqueIdentifier>{7e77c92c-b5f8-4953-8818-db81040e9151}</UniqueIdentifier>
    </Filter>
  </ItemGroup>
  <ItemGroup>
    <ClInclude Include="..\Header\MainScene.h">
      <Filter>Scripts\Scene</Filter>
    </ClInclude>
    <ClInclude Include="Client.h">
      <Filter>Client</Filter>
    </ClInclude>
    <ClInclude Include="cpch.h">
      <Filter>Default</Filter>
    </ClInclude>
    <ClInclude Include="targetver.h">
      <Filter>Default</Filter>
    </ClInclude>
    <ClInclude Include="Resource.h">
      <Filter>Default</Filter>
    </ClInclude>
    <ClInclude Include="..\Header\Player.h">
      <Filter>Scripts\Object</Filter>
    </ClInclude>
    <ClInclude Include="..\Header\LoadingScene.h">
      <Filter>Scripts\Scene</Filter>
    </ClInclude>
    <ClInclude Include="..\Header\GameManager.h">
      <Filter>Scripts\Managers</Filter>
    </ClInclude>
    <ClInclude Include="..\Header\GameScene.h">
      <Filter>Scripts\Scene</Filter>
    </ClInclude>
  </ItemGroup>
  <ItemGroup>
    <ClCompile Include="..\Code\MainScene.cpp">
      <Filter>Scripts\Scene</Filter>
    </ClCompile>
    <ClCompile Include="Client.cpp">
      <Filter>Client</Filter>
    </ClCompile>
    <ClCompile Include="cpch.cpp">
      <Filter>Default</Filter>
    </ClCompile>
    <ClCompile Include="..\Code\Player.cpp">
      <Filter>Scripts\Object</Filter>
    </ClCompile>
    <ClCompile Include="..\Code\LoadingScene.cpp">
      <Filter>Scripts\Scene</Filter>
    </ClCompile>
    <ClCompile Include="..\Code\GameManager.cpp">
      <Filter>Scripts\Managers</Filter>
    </ClCompile>
    <ClCompile Include="..\Code\GameScene.cpp">
      <Filter>Scripts\Scene</Filter>
    </ClCompile>
  </ItemGroup>
  <ItemGroup>
    <Image Include="Client.ico">
      <Filter>Default</Filter>
    </Image>
    <Image Include="small.ico">
      <Filter>Default</Filter>
    </Image>
  </ItemGroup>
  <ItemGroup>
    <ResourceCompile Include="Client.rc">
      <Filter>Default</Filter>
    </ResourceCompile>
  </ItemGroup>
</Project>