<?xml version="1.0" encoding="utf-8"?>
<Project ToolsVersion="4.0" xmlns="http://schemas.microsoft.com/developer/msbuild/2003">
  <ItemGroup>
    <Filter Include="Default">
      <UniqueIdentifier>{8b3e34ce-8c99-4032-a9a3-e6a0bb05b5a3}</UniqueIdentifier>
    </Filter>
    <Filter Include="Client">
      <UniqueIdentifier>{852db554-57a8-42fa-8932-8aedd43767e8}</UniqueIdentifier>
    </Filter>
    <Filter Include="Scripts">
      <UniqueIdentifier>{4e9e2feb-d1d4-4d65-9a54-e50cbc00863d}</UniqueIdentifier>
    </Filter>
    <Filter Include="Scripts\Object">
      <UniqueIdentifier>{c3c838b3-fad6-4c6b-a95f-3ec27fda1e3f}</UniqueIdentifier>
    </Filter>
    <Filter Include="Scripts\Scene">
      <UniqueIdentifier>{f86f4b3c-77f8-417b-a472-cd7c4aae6129}</UniqueIdentifier>
    </Filter>
    <Filter Include="Scripts\Managers">
      <UniqueIdentifier>{7e77c92c-b5f8-4953-8818-db81040e9151}</UniqueIdentifier>
    </Filter>
    <Filter Include="Scripts\Object\Weapons">
      <UniqueIdentifier>{785d7feb-a664-4502-9e6e-d3e416fa3a21}</UniqueIdentifier>
    </Filter>
    <Filter Include="Scripts\Object\Weapons\Swords">
      <UniqueIdentifier>{4875964f-b372-481b-85e5-a697977c75c2}</UniqueIdentifier>
    </Filter>
    <Filter Include="Scripts\Object\Player">
      <UniqueIdentifier>{12fd9748-fc20-4537-829c-7897701f5c7b}</UniqueIdentifier>
    </Filter>
    <Filter Include="Scripts\Object\UI">
      <UniqueIdentifier>{ae3f04d2-af05-4951-98b8-0cf5b06cd86a}</UniqueIdentifier>
    </Filter>
    <Filter Include="Scripts\Object\Monster">
      <UniqueIdentifier>{b429eb31-5b1a-4116-925e-90de21a678c5}</UniqueIdentifier>
    </Filter>
    <Filter Include="Scripts\Object\Monster\Controller">
      <UniqueIdentifier>{cb7a6411-3369-4889-8c97-5eade2d0e8ca}</UniqueIdentifier>
    </Filter>
    <Filter Include="Scripts\Object\Monster\Controller\Behaviours">
      <UniqueIdentifier>{d175a37c-e52c-446d-ad25-93b13ecb8e90}</UniqueIdentifier>
    </Filter>
    <Filter Include="Scripts\Object\Weapons\Bows">
      <UniqueIdentifier>{71257ea8-b877-4ba5-b84d-4141d0ead9cd}</UniqueIdentifier>
    </Filter>
    <Filter Include="Scripts\Object\Weapons\Arrows">
      <UniqueIdentifier>{5c246582-1844-4d45-9744-ca14f6172eb2}</UniqueIdentifier>
    </Filter>
    <Filter Include="Scripts\Object\Monster\LizardWarrior">
      <UniqueIdentifier>{e3ad4914-bc0c-484e-8819-8cba984fd6b6}</UniqueIdentifier>
    </Filter>
    <Filter Include="Scripts\Object\Monster\Troll">
      <UniqueIdentifier>{33ce209c-14c8-40ed-9011-44abd205b361}</UniqueIdentifier>
    </Filter>
    <Filter Include="Scripts\Object\Monster\Collider">
      <UniqueIdentifier>{92045f3c-87d9-418d-b227-b06943c303ff}</UniqueIdentifier>
    </Filter>
    <Filter Include="Scripts\Object\Monster\Wolf">
      <UniqueIdentifier>{b607f882-87d4-4497-9fb1-8ffd9ac63b8b}</UniqueIdentifier>
    </Filter>
    <Filter Include="Scripts\Object\Map">
      <UniqueIdentifier>{7609882f-6197-4700-a7a8-05bc9bcec135}</UniqueIdentifier>
    </Filter>
    <Filter Include="Scripts\Object\Monster\Goblin">
      <UniqueIdentifier>{20eb2fdb-9fb9-462f-8950-4fbf68f722e4}</UniqueIdentifier>
    </Filter>
    <Filter Include="Scripts\Object\Player\Controller">
      <UniqueIdentifier>{a1fe8590-ed86-460b-9612-9832a09d7a89}</UniqueIdentifier>
    </Filter>
    <Filter Include="Scripts\Object\Player\Controller\Bheaviour">
      <UniqueIdentifier>{b1cc5614-8165-4043-a0e7-9acd720e361d}</UniqueIdentifier>
    </Filter>
    <Filter Include="Scripts\Object\Map\Dungeon">
      <UniqueIdentifier>{e66823ba-9a0b-411a-8e4d-4cf47703359e}</UniqueIdentifier>
    </Filter>
    <Filter Include="Scripts\Object\Map\Dungeon\Spawner">
      <UniqueIdentifier>{cd53044e-0432-4460-91e1-9ceb3725d62e}</UniqueIdentifier>
    </Filter>
    <Filter Include="Scripts\Object\Map\Objects">
      <UniqueIdentifier>{a1ddfd0f-dd7b-4ade-af6e-af9c3138d3cf}</UniqueIdentifier>
    </Filter>
    <Filter Include="Scripts\Object\Item">
      <UniqueIdentifier>{5d39cfa8-ba01-40eb-9552-8b335ceb5a3c}</UniqueIdentifier>
    </Filter>
  </ItemGroup>
  <ItemGroup>
    <ClInclude Include="..\Header\MainScene.h">
      <Filter>Scripts\Scene</Filter>
    </ClInclude>
    <ClInclude Include="Client.h">
      <Filter>Client</Filter>
    </ClInclude>
    <ClInclude Include="cpch.h">
      <Filter>Default</Filter>
    </ClInclude>
    <ClInclude Include="targetver.h">
      <Filter>Default</Filter>
    </ClInclude>
    <ClInclude Include="Resource.h">
      <Filter>Default</Filter>
    </ClInclude>
    <ClInclude Include="..\Header\LoadingScene.h">
      <Filter>Scripts\Scene</Filter>
    </ClInclude>
    <ClInclude Include="..\Header\GameManager.h">
      <Filter>Scripts\Managers</Filter>
    </ClInclude>
    <ClInclude Include="..\Header\GameScene.h">
      <Filter>Scripts\Scene</Filter>
    </ClInclude>
    <ClInclude Include="..\Header\Weapon.h">
      <Filter>Scripts\Object\Weapons</Filter>
    </ClInclude>
    <ClInclude Include="..\Header\WoodenSword.h">
      <Filter>Scripts\Object\Weapons\Swords</Filter>
    </ClInclude>
    <ClInclude Include="..\Header\Monster.h">
      <Filter>Scripts\Object\Monster</Filter>
    </ClInclude>
    <ClInclude Include="..\Header\Player.h">
      <Filter>Scripts\Object\Player</Filter>
    </ClInclude>
    <ClInclude Include="..\Header\PlayerCamera.h">
      <Filter>Scripts\Object\Player</Filter>
    </ClInclude>
    <ClInclude Include="..\Header\MonsterController.h">
      <Filter>Scripts\Object\Monster\Controller</Filter>
    </ClInclude>
    <ClInclude Include="..\Header\Behaviour_Patrole.h">
      <Filter>Scripts\Object\Monster\Controller\Behaviours</Filter>
    </ClInclude>
    <ClInclude Include="..\Header\MonsterBehaviour.h">
      <Filter>Scripts\Object\Monster\Controller\Behaviours</Filter>
    </ClInclude>
    <ClInclude Include="..\Header\Behaviour_Idle.h">
      <Filter>Scripts\Object\Monster\Controller\Behaviours</Filter>
    </ClInclude>
    <ClInclude Include="..\Header\Behaviour_Tracking.h">
      <Filter>Scripts\Object\Monster\Controller\Behaviours</Filter>
    </ClInclude>
    <ClInclude Include="..\Header\Behaviour_Combat.h">
      <Filter>Scripts\Object\Monster\Controller\Behaviours</Filter>
    </ClInclude>
    <ClInclude Include="..\Header\Behaviour_Find.h">
      <Filter>Scripts\Object\Monster\Controller\Behaviours</Filter>
    </ClInclude>
    <ClInclude Include="..\Header\Behaviour_CombatWait.h">
      <Filter>Scripts\Object\Monster\Controller\Behaviours</Filter>
    </ClInclude>
    <ClInclude Include="..\Header\Behaviour_GetHit.h">
      <Filter>Scripts\Object\Monster\Controller\Behaviours</Filter>
    </ClInclude>
    <ClInclude Include="..\Header\PlayerHUD.h">
      <Filter>Scripts\Object\UI</Filter>
    </ClInclude>
    <ClInclude Include="..\Header\Behaviour_Death.h">
      <Filter>Scripts\Object\Monster\Controller\Behaviours</Filter>
    </ClInclude>
    <ClInclude Include="..\Header\WoodenBow.h">
      <Filter>Scripts\Object\Weapons\Bows</Filter>
    </ClInclude>
    <ClInclude Include="..\Header\DefaultArrow.h">
      <Filter>Scripts\Object\Weapons\Arrows</Filter>
    </ClInclude>
    <ClInclude Include="..\Header\Arrow.h">
      <Filter>Scripts\Object\Weapons\Arrows</Filter>
    </ClInclude>
    <ClInclude Include="..\Header\LizardWarrior.h">
      <Filter>Scripts\Object\Monster\LizardWarrior</Filter>
    </ClInclude>
    <ClInclude Include="..\Header\Troll.h">
      <Filter>Scripts\Object\Monster\Troll</Filter>
    </ClInclude>
    <ClInclude Include="..\Header\MonsterPartCollision.h">
      <Filter>Scripts\Object\Monster\Collider</Filter>
    </ClInclude>
    <ClInclude Include="..\Header\Wolf.h">
      <Filter>Scripts\Object\Monster\Wolf</Filter>
    </ClInclude>
    <ClInclude Include="..\Header\Map.h">
      <Filter>Scripts\Object\Map</Filter>
    </ClInclude>
    <ClInclude Include="..\Header\MapCollision.h">
      <Filter>Scripts\Object\Map</Filter>
    </ClInclude>
    <ClInclude Include="..\Header\Goblin.h">
      <Filter>Scripts\Object\Monster\Goblin</Filter>
    </ClInclude>
    <ClInclude Include="..\Header\PlayerBehaviour.h">
      <Filter>Scripts\Object\Player\Controller\Bheaviour</Filter>
    </ClInclude>
    <ClInclude Include="..\Header\PlayerController.h">
      <Filter>Scripts\Object\Player\Controller</Filter>
    </ClInclude>
    <ClInclude Include="..\Header\PlayerBehaviour_Idle.h">
      <Filter>Scripts\Object\Player\Controller\Bheaviour</Filter>
    </ClInclude>
    <ClInclude Include="..\Header\PlayerBehaviour_Move.h">
      <Filter>Scripts\Object\Player\Controller\Bheaviour</Filter>
    </ClInclude>
    <ClInclude Include="..\Header\PlayerBehaviour_Jump.h">
      <Filter>Scripts\Object\Player\Controller\Bheaviour</Filter>
    </ClInclude>
    <ClInclude Include="..\Header\PlayerBehaviour_Sword.h">
      <Filter>Scripts\Object\Player\Controller\Bheaviour</Filter>
    </ClInclude>
    <ClInclude Include="..\Header\PlayerBehaviour_Bow.h">
      <Filter>Scripts\Object\Player\Controller\Bheaviour</Filter>
    </ClInclude>
    <ClInclude Include="..\Header\DungeonChapter.h">
      <Filter>Scripts\Object\Map\Dungeon\Spawner</Filter>
    </ClInclude>
    <ClInclude Include="..\Header\Dungeon.h">
      <Filter>Scripts\Object\Map\Dungeon</Filter>
    </ClInclude>
    <ClInclude Include="..\Header\DungeonObject.h">
      <Filter>Scripts\Object\Map\Objects</Filter>
    </ClInclude>
    <ClInclude Include="..\Header\DungeonGate.h">
      <Filter>Scripts\Object\Map\Objects</Filter>
    </ClInclude>
    <ClInclude Include="..\Header\FootSwitch.h">
      <Filter>Scripts\Object\Map\Objects</Filter>
    </ClInclude>
    <ClInclude Include="..\Header\DungeonChest.h">
      <Filter>Scripts\Object\Map\Objects</Filter>
    </ClInclude>
    <ClInclude Include="..\Header\Item.h">
      <Filter>Scripts\Object\Item</Filter>
    </ClInclude>
    <ClInclude Include="..\Header\Item_DungeonKey.h">
      <Filter>Scripts\Object\Item</Filter>
    </ClInclude>
    <ClInclude Include="..\Header\Inventory.h">
      <Filter>Scripts\Object\Player</Filter>
    </ClInclude>
    <ClInclude Include="..\Header\Ladder.h">
      <Filter>Scripts\Object\Map\Objects</Filter>
    </ClInclude>
    <ClInclude Include="..\Header\PlayerBehaviour_Ladder.h">
      <Filter>Scripts\Object\Player\Controller\Bheaviour</Filter>
    </ClInclude>
  </ItemGroup>
  <ItemGroup>
    <ClCompile Include="..\Code\MainScene.cpp">
      <Filter>Scripts\Scene</Filter>
    </ClCompile>
    <ClCompile Include="Client.cpp">
      <Filter>Client</Filter>
    </ClCompile>
    <ClCompile Include="cpch.cpp">
      <Filter>Default</Filter>
    </ClCompile>
    <ClCompile Include="..\Code\LoadingScene.cpp">
      <Filter>Scripts\Scene</Filter>
    </ClCompile>
    <ClCompile Include="..\Code\GameManager.cpp">
      <Filter>Scripts\Managers</Filter>
    </ClCompile>
    <ClCompile Include="..\Code\GameScene.cpp">
      <Filter>Scripts\Scene</Filter>
    </ClCompile>
    <ClCompile Include="..\Code\Weapon.cpp">
      <Filter>Scripts\Object\Weapons</Filter>
    </ClCompile>
    <ClCompile Include="..\Code\WoodenSword.cpp">
      <Filter>Scripts\Object\Weapons\Swords</Filter>
    </ClCompile>
    <ClCompile Include="..\Code\Monster.cpp">
      <Filter>Scripts\Object\Monster</Filter>
    </ClCompile>
    <ClCompile Include="..\Code\Wolf.cpp">
      <Filter>Scripts\Object\Monster\Wolf</Filter>
    </ClCompile>
    <ClCompile Include="..\Code\PlayerCamera.cpp">
      <Filter>Scripts\Object\Player</Filter>
    </ClCompile>
    <ClCompile Include="..\Code\Player.cpp">
      <Filter>Scripts\Object\Player</Filter>
    </ClCompile>
    <ClCompile Include="..\Code\PlayerHUD.cpp">
      <Filter>Scripts\Object\UI</Filter>
    </ClCompile>
    <ClCompile Include="..\Code\MonsterController.cpp">
      <Filter>Scripts\Object\Monster\Controller</Filter>
    </ClCompile>
    <ClCompile Include="..\Code\Behaviour_Patrole.cpp">
      <Filter>Scripts\Object\Monster\Controller\Behaviours</Filter>
    </ClCompile>
    <ClCompile Include="..\Code\MonsterBehaviour.cpp">
      <Filter>Scripts\Object\Monster\Controller\Behaviours</Filter>
    </ClCompile>
    <ClCompile Include="..\Code\Behaviour_Idle.cpp">
      <Filter>Scripts\Object\Monster\Controller\Behaviours</Filter>
    </ClCompile>
    <ClCompile Include="..\Code\Behaviour_Tracking.cpp">
      <Filter>Scripts\Object\Monster\Controller\Behaviours</Filter>
    </ClCompile>
    <ClCompile Include="..\Code\Behaviour_Combat.cpp">
      <Filter>Scripts\Object\Monster\Controller\Behaviours</Filter>
    </ClCompile>
    <ClCompile Include="..\Code\Behaviour_Find.cpp">
      <Filter>Scripts\Object\Monster\Controller\Behaviours</Filter>
    </ClCompile>
    <ClCompile Include="..\Code\Behaviour_CombatWait.cpp">
      <Filter>Scripts\Object\Monster\Controller\Behaviours</Filter>
    </ClCompile>
    <ClCompile Include="..\Code\Behaviour_GetHit.cpp">
      <Filter>Scripts\Object\Monster\Controller\Behaviours</Filter>
    </ClCompile>
    <ClCompile Include="..\Code\Behaviour_Death.cpp">
      <Filter>Scripts\Object\Monster\Controller\Behaviours</Filter>
    </ClCompile>
    <ClCompile Include="..\Code\WoodenBow.cpp">
      <Filter>Scripts\Object\Weapons\Bows</Filter>
    </ClCompile>
    <ClCompile Include="..\Code\DefaultArrow.cpp">
      <Filter>Scripts\Object\Weapons\Arrows</Filter>
    </ClCompile>
    <ClCompile Include="..\Code\Arrow.cpp">
      <Filter>Scripts\Object\Weapons\Arrows</Filter>
    </ClCompile>
    <ClCompile Include="..\Code\LizardWarrior.cpp">
      <Filter>Scripts\Object\Monster\LizardWarrior</Filter>
    </ClCompile>
    <ClCompile Include="..\Code\Troll.cpp">
      <Filter>Scripts\Object\Monster\Troll</Filter>
    </ClCompile>
    <ClCompile Include="..\Code\MonsterPartCollision.cpp">
      <Filter>Scripts\Object\Monster\Collider</Filter>
    </ClCompile>
    <ClCompile Include="..\Code\Map.cpp">
      <Filter>Scripts\Object\Map</Filter>
    </ClCompile>
    <ClCompile Include="..\Code\MapCollision.cpp">
      <Filter>Scripts\Object\Map</Filter>
    </ClCompile>
    <ClCompile Include="..\Code\CGoblin.cpp">
      <Filter>Scripts\Object\Monster\Goblin</Filter>
    </ClCompile>
    <ClCompile Include="..\Code\PlayerBehaviour.cpp">
      <Filter>Scripts\Object\Player\Controller\Bheaviour</Filter>
    </ClCompile>
    <ClCompile Include="..\Code\PlayerController.cpp">
      <Filter>Scripts\Object\Player\Controller</Filter>
    </ClCompile>
    <ClCompile Include="..\Code\PlayerBehaviour_Idle.cpp">
      <Filter>Scripts\Object\Player\Controller\Bheaviour</Filter>
    </ClCompile>
    <ClCompile Include="..\Code\PlayerBehaviour_Move.cpp">
      <Filter>Scripts\Object\Player\Controller\Bheaviour</Filter>
    </ClCompile>
    <ClCompile Include="..\Code\PlayerBehaviour_Jump.cpp">
      <Filter>Scripts\Object\Player\Controller\Bheaviour</Filter>
    </ClCompile>
    <ClCompile Include="..\Code\PlayerBehaviour_Sword.cpp">
      <Filter>Scripts\Object\Player\Controller\Bheaviour</Filter>
    </ClCompile>
    <ClCompile Include="..\Code\PlayerBehaviour_Bow.cpp">
      <Filter>Scripts\Object\Player\Controller\Bheaviour</Filter>
    </ClCompile>
    <ClCompile Include="..\Code\DungeonChapter.cpp">
      <Filter>Scripts\Object\Map\Dungeon\Spawner</Filter>
    </ClCompile>
    <ClCompile Include="..\Code\Dungeon.cpp">
      <Filter>Scripts\Object\Map\Dungeon</Filter>
    </ClCompile>
    <ClCompile Include="..\Code\DungeonObject.cpp">
      <Filter>Scripts\Object\Map\Objects</Filter>
    </ClCompile>
    <ClCompile Include="..\Code\DungeonGate.cpp">
      <Filter>Scripts\Object\Map\Objects</Filter>
    </ClCompile>
    <ClCompile Include="..\Code\FootSwitch.cpp">
      <Filter>Scripts\Object\Map\Objects</Filter>
    </ClCompile>
    <ClCompile Include="..\Code\DungeonChest.cpp">
      <Filter>Scripts\Object\Map\Objects</Filter>
    </ClCompile>
    <ClCompile Include="..\Code\Item.cpp">
      <Filter>Scripts\Object\Item</Filter>
    </ClCompile>
    <ClCompile Include="..\Code\Item_DungeonKey.cpp">
      <Filter>Scripts\Object\Item</Filter>
    </ClCompile>
    <ClCompile Include="..\Code\Inventory.cpp">
      <Filter>Scripts\Object\Player</Filter>
    </ClCompile>
    <ClCompile Include="..\Code\Ladder.cpp">
      <Filter>Scripts\Object\Map\Objects</Filter>
    </ClCompile>
    <ClCompile Include="..\Code\PlayerBehaviour_Ladder.cpp">
      <Filter>Scripts\Object\Player\Controller\Bheaviour</Filter>
    </ClCompile>
  </ItemGroup>
  <ItemGroup>
    <Image Include="Client.ico">
      <Filter>Default</Filter>
    </Image>
    <Image Include="small.ico">
      <Filter>Default</Filter>
    </Image>
  </ItemGroup>
  <ItemGroup>
    <ResourceCompile Include="Client.rc">
      <Filter>Default</Filter>
    </ResourceCompile>
  </ItemGroup>
</Project>