<?xml version="1.0" encoding="utf-8"?>
<Project ToolsVersion="4.0" xmlns="http://schemas.microsoft.com/developer/msbuild/2003">
  <ItemGroup>
    <Filter Include="리소스 파일">
      <UniqueIdentifier>{67DA6AB6-F800-4c08-8B7A-83BB121AAD01}</UniqueIdentifier>
      <Extensions>rc;ico;cur;bmp;dlg;rc2;rct;bin;rgs;gif;jpg;jpeg;jpe;resx;tiff;tif;png;wav;mfcribbon-ms</Extensions>
    </Filter>
    <Filter Include="Header">
      <UniqueIdentifier>{93995380-89BD-4b04-88EB-625FBE52EBFB}</UniqueIdentifier>
      <Extensions>h;hh;hpp;hxx;h++;hm;inl;inc;ipp;xsd</Extensions>
    </Filter>
    <Filter Include="Camera">
      <UniqueIdentifier>{ab718269-db86-47f1-89c7-7d35e5449e13}</UniqueIdentifier>
    </Filter>
    <Filter Include="Scene">
      <UniqueIdentifier>{3f1ae16e-8afc-45dd-b020-6181de79dcd4}</UniqueIdentifier>
    </Filter>
    <Filter Include="Scene\Scenes">
      <UniqueIdentifier>{dbb6a47f-8256-43c4-a8ed-6242f49f8d84}</UniqueIdentifier>
    </Filter>
    <Filter Include="Input">
      <UniqueIdentifier>{0cbfc7f8-8ba2-4732-b5bb-afc480f2fe6d}</UniqueIdentifier>
    </Filter>
    <Filter Include="Time">
      <UniqueIdentifier>{62a12bd5-362a-4fc9-9cea-60fce4316aef}</UniqueIdentifier>
    </Filter>
    <Filter Include="Render">
      <UniqueIdentifier>{29f8cf18-412c-45d3-9695-7488de642153}</UniqueIdentifier>
    </Filter>
    <Filter Include="Scripts">
      <UniqueIdentifier>{c08e67c9-4ccc-40ff-b74e-1011826c4909}</UniqueIdentifier>
    </Filter>
    <Filter Include="MonoBehaviour">
      <UniqueIdentifier>{a7f12a70-f22b-477a-b549-40783abfce68}</UniqueIdentifier>
    </Filter>
    <Filter Include="MonoBehaviour\GameObject">
      <UniqueIdentifier>{1bf57e5f-653d-42c0-8240-244f0862b78d}</UniqueIdentifier>
    </Filter>
    <Filter Include="Render\Animation">
      <UniqueIdentifier>{ca0450c3-a7ad-4bea-a372-1a70536705a5}</UniqueIdentifier>
    </Filter>
    <Filter Include="Map">
      <UniqueIdentifier>{4f9b8bb3-756a-4d32-a5ac-067b1586fc0c}</UniqueIdentifier>
    </Filter>
    <Filter Include="Scripts\Tool">
      <UniqueIdentifier>{45952cdb-f9aa-48a3-8b6f-e8f1bf7130fb}</UniqueIdentifier>
    </Filter>
    <Filter Include="Random">
      <UniqueIdentifier>{e839e980-60eb-43e8-a4b3-dee8b716eac9}</UniqueIdentifier>
    </Filter>
    <Filter Include="Scripts\Control">
      <UniqueIdentifier>{9a22fa2f-fb2f-4802-8032-373ce8003d45}</UniqueIdentifier>
    </Filter>
    <Filter Include="UI">
      <UniqueIdentifier>{3299d5c9-7e64-4a3e-9b58-97c33f6cc309}</UniqueIdentifier>
    </Filter>
    <Filter Include="Scripts\UI">
      <UniqueIdentifier>{18c8c63d-5fec-4386-95b9-11c9be8800b8}</UniqueIdentifier>
    </Filter>
    <Filter Include="Scripts\Player">
      <UniqueIdentifier>{c2808f3d-ea11-4698-af16-4768ab96f5d3}</UniqueIdentifier>
    </Filter>
    <Filter Include="Item">
      <UniqueIdentifier>{24e11511-f91c-49b4-9b0f-2d5dc7fb2f15}</UniqueIdentifier>
    </Filter>
    <Filter Include="ResourceManager">
      <UniqueIdentifier>{3ef4b8f6-4219-4d4f-ab92-3aa9449fc71e}</UniqueIdentifier>
    </Filter>
    <Filter Include="ResourceManager\BMP">
      <UniqueIdentifier>{fa875c3d-f8da-41a7-807e-a22948cb273d}</UniqueIdentifier>
    </Filter>
    <Filter Include="Scripts\Particle">
      <UniqueIdentifier>{9e25a5eb-31af-4bc7-85e6-87ad2ec72a6f}</UniqueIdentifier>
    </Filter>
    <Filter Include="Structure">
      <UniqueIdentifier>{e13b82ed-98b6-43ed-9515-a05cf9041825}</UniqueIdentifier>
    </Filter>
    <Filter Include="Main">
      <UniqueIdentifier>{fd490496-416c-458d-a2ec-05c634173a5d}</UniqueIdentifier>
    </Filter>
    <Filter Include="Main\Screen">
      <UniqueIdentifier>{c1747615-af48-498a-b17c-3a0e41b1a59c}</UniqueIdentifier>
    </Filter>
    <Filter Include="Scripts\Tool\Tile">
      <UniqueIdentifier>{173ed912-bed0-4bb7-ae4a-b2b3fd0373e1}</UniqueIdentifier>
    </Filter>
    <Filter Include="Structure\Structures">
      <UniqueIdentifier>{640bd030-4c40-4bce-8cba-3002a077a786}</UniqueIdentifier>
    </Filter>
    <Filter Include="Sound">
      <UniqueIdentifier>{c32e59f1-a2f6-4cd3-9bc3-4ae613cc3dcb}</UniqueIdentifier>
    </Filter>
    <Filter Include="ResourceManager\AudioClip">
      <UniqueIdentifier>{693faf3f-785e-4286-a42c-03f0a37995e8}</UniqueIdentifier>
    </Filter>
    <Filter Include="Physics">
      <UniqueIdentifier>{fdc1d0ee-e67f-429b-99d2-b9f6ed7d1688}</UniqueIdentifier>
    </Filter>
    <Filter Include="Physics\Collider">
      <UniqueIdentifier>{21e549d0-a1ae-4ee1-8630-480b8f6b155a}</UniqueIdentifier>
    </Filter>
    <Filter Include="Scripts\Monster">
      <UniqueIdentifier>{37b713c6-44c0-4af3-9bcb-8daf137e70fb}</UniqueIdentifier>
    </Filter>
  </ItemGroup>
  <ItemGroup>
    <ClInclude Include="framework.h">
      <Filter>Header</Filter>
    </ClInclude>
    <ClInclude Include="targetver.h">
      <Filter>Header</Filter>
    </ClInclude>
    <ClInclude Include="Resource.h">
      <Filter>Header</Filter>
    </ClInclude>
    <ClInclude Include="Jusin_FactorioProject.h">
      <Filter>Main</Filter>
    </ClInclude>
    <ClInclude Include="pch.h">
      <Filter>Header</Filter>
    </ClInclude>
    <ClInclude Include="CScreen.h">
      <Filter>Main\Screen</Filter>
    </ClInclude>
    <ClInclude Include="CMonoBehaviour.h">
      <Filter>MonoBehaviour</Filter>
    </ClInclude>
    <ClInclude Include="CGameObject.h">
      <Filter>MonoBehaviour\GameObject</Filter>
    </ClInclude>
    <ClInclude Include="Define.h">
      <Filter>Header</Filter>
    </ClInclude>
    <ClInclude Include="CTransform.h">
      <Filter>MonoBehaviour\GameObject</Filter>
    </ClInclude>
    <ClInclude Include="struct.h">
      <Filter>Header</Filter>
    </ClInclude>
    <ClInclude Include="CMainProcess.h">
      <Filter>Main</Filter>
    </ClInclude>
    <ClInclude Include="CCamera.h">
      <Filter>Camera</Filter>
    </ClInclude>
    <ClInclude Include="CScene.h">
      <Filter>Scene</Filter>
    </ClInclude>
    <ClInclude Include="CSceneManager.h">
      <Filter>Scene</Filter>
    </ClInclude>
    <ClInclude Include="CTestScene.h">
      <Filter>Scene\Scenes</Filter>
    </ClInclude>
    <ClInclude Include="CInput.h">
      <Filter>Input</Filter>
    </ClInclude>
    <ClInclude Include="CTime.h">
      <Filter>Time</Filter>
    </ClInclude>
    <ClInclude Include="CSpriteRenderer.h">
      <Filter>Render</Filter>
    </ClInclude>
    <ClInclude Include="CResourceManager.h">
      <Filter>ResourceManager</Filter>
    </ClInclude>
    <ClInclude Include="CBMP.h">
      <Filter>ResourceManager\BMP</Filter>
    </ClInclude>
    <ClInclude Include="CAnimation.h">
      <Filter>Render\Animation</Filter>
    </ClInclude>
    <ClInclude Include="CAnimator.h">
      <Filter>Render\Animation</Filter>
    </ClInclude>
    <ClInclude Include="CMapManager.h">
      <Filter>Map</Filter>
    </ClInclude>
    <ClInclude Include="CTile.h">
      <Filter>Map</Filter>
    </ClInclude>
    <ClInclude Include="CSpriteRender_Level.h">
      <Filter>Scripts\Tool</Filter>
    </ClInclude>
    <ClInclude Include="CRandom.h">
      <Filter>Random</Filter>
    </ClInclude>
    <ClInclude Include="CTileMap.h">
      <Filter>Map</Filter>
    </ClInclude>
    <ClInclude Include="CResourceTile.h">
      <Filter>Scripts\Tool\Tile</Filter>
    </ClInclude>
    <ClInclude Include="CControlManager.h">
      <Filter>Scripts\Control</Filter>
    </ClInclude>
    <ClInclude Include="CCanvas.h">
      <Filter>UI</Filter>
    </ClInclude>
    <ClInclude Include="CUI.h">
      <Filter>UI</Filter>
    </ClInclude>
    <ClInclude Include="CImage.h">
      <Filter>UI</Filter>
    </ClInclude>
    <ClInclude Include="CRectTransform.h">
      <Filter>UI</Filter>
    </ClInclude>
    <ClInclude Include="CInventoryUI.h">
      <Filter>Scripts\UI</Filter>
    </ClInclude>
    <ClInclude Include="CButton.h">
      <Filter>UI</Filter>
    </ClInclude>
    <ClInclude Include="CItem.h">
      <Filter>Item</Filter>
    </ClInclude>
    <ClInclude Include="CPlayer.h">
      <Filter>Scripts\Player</Filter>
    </ClInclude>
    <ClInclude Include="CItemManager.h">
      <Filter>Item</Filter>
    </ClInclude>
    <ClInclude Include="CInventory.h">
      <Filter>Scripts\Player</Filter>
    </ClInclude>
    <ClInclude Include="CText.h">
      <Filter>UI</Filter>
    </ClInclude>
    <ClInclude Include="Particle_Ore.h">
      <Filter>Scripts\Particle</Filter>
    </ClInclude>
    <ClInclude Include="CItemSlot.h">
      <Filter>Scripts\UI</Filter>
    </ClInclude>
    <ClInclude Include="CCreateItemBtn.h">
      <Filter>Scripts\UI</Filter>
    </ClInclude>
    <ClInclude Include="CCreatingSlot.h">
      <Filter>Scripts\UI</Filter>
    </ClInclude>
    <ClInclude Include="CStructure.h">
      <Filter>Structure</Filter>
    </ClInclude>
    <ClInclude Include="CConsole.h">
      <Filter>Main</Filter>
    </ClInclude>
    <ClInclude Include="CStoneFurnace.h">
      <Filter>Structure\Structures</Filter>
    </ClInclude>
    <ClInclude Include="CAudioManager.h">
      <Filter>Sound</Filter>
    </ClInclude>
    <ClInclude Include="CAudioSource.h">
      <Filter>Sound</Filter>
    </ClInclude>
    <ClInclude Include="CAudioClip.h">
      <Filter>ResourceManager\AudioClip</Filter>
    </ClInclude>
    <ClInclude Include="CPhysics.h">
      <Filter>Physics</Filter>
    </ClInclude>
    <ClInclude Include="CCollider.h">
      <Filter>Physics\Collider</Filter>
    </ClInclude>
    <ClInclude Include="CCollider_Rect.h">
      <Filter>Physics\Collider</Filter>
    </ClInclude>
    <ClInclude Include="CInOutStructure.h">
      <Filter>Structure</Filter>
    </ClInclude>
    <ClInclude Include="CBelt.h">
      <Filter>Structure\Structures</Filter>
    </ClInclude>
    <ClInclude Include="CBurnerDrill.h">
      <Filter>Structure\Structures</Filter>
    </ClInclude>
    <ClInclude Include="CBeltManager.h">
      <Filter>Structure\Structures</Filter>
    </ClInclude>
    <ClInclude Include="CDropItem.h">
      <Filter>Item</Filter>
    </ClInclude>
    <ClInclude Include="CMonster.h">
      <Filter>Scripts\Monster</Filter>
    </ClInclude>
    <ClInclude Include="CMonster_Biter.h">
      <Filter>Scripts\Monster</Filter>
    </ClInclude>
    <ClInclude Include="CObjHpSlot.h">
      <Filter>Scripts\UI</Filter>
    </ClInclude>
    <ClInclude Include="CMonsterManager.h">
      <Filter>Scripts\Monster</Filter>
    </ClInclude>
    <ClInclude Include="CMianScene.h">
      <Filter>Scene\Scenes</Filter>
    </ClInclude>
  </ItemGroup>
  <ItemGroup>
    <ResourceCompile Include="Jusin_FactorioProject.rc">
      <Filter>리소스 파일</Filter>
    </ResourceCompile>
  </ItemGroup>
  <ItemGroup>
    <Image Include="small.ico">
      <Filter>리소스 파일</Filter>
    </Image>
    <Image Include="Jusin_FactorioProject.ico">
      <Filter>리소스 파일</Filter>
    </Image>
  </ItemGroup>
  <ItemGroup>
    <ClCompile Include="Jusin_FactorioProject.cpp">
      <Filter>Main</Filter>
    </ClCompile>
    <ClCompile Include="CScreen.cpp">
      <Filter>Main\Screen</Filter>
    </ClCompile>
    <ClCompile Include="CMonoBehaviour.cpp">
      <Filter>MonoBehaviour</Filter>
    </ClCompile>
    <ClCompile Include="CGameObject.cpp">
      <Filter>MonoBehaviour\GameObject</Filter>
    </ClCompile>
    <ClCompile Include="CTransform.cpp">
      <Filter>MonoBehaviour\GameObject</Filter>
    </ClCompile>
    <ClCompile Include="CMainProcess.cpp">
      <Filter>Main</Filter>
    </ClCompile>
    <ClCompile Include="CCamera.cpp">
      <Filter>Camera</Filter>
    </ClCompile>
    <ClCompile Include="CScene.cpp">
      <Filter>Scene</Filter>
    </ClCompile>
    <ClCompile Include="CSceneManager.cpp">
      <Filter>Scene</Filter>
    </ClCompile>
    <ClCompile Include="CTestScene.cpp">
      <Filter>Scene\Scenes</Filter>
    </ClCompile>
    <ClCompile Include="CInput.cpp">
      <Filter>Input</Filter>
    </ClCompile>
    <ClCompile Include="CTime.cpp">
      <Filter>Time</Filter>
    </ClCompile>
    <ClCompile Include="CSpriteRenderer.cpp">
      <Filter>Render</Filter>
    </ClCompile>
    <ClCompile Include="CResourceManager.cpp">
      <Filter>ResourceManager</Filter>
    </ClCompile>
    <ClCompile Include="CBMP.cpp">
      <Filter>ResourceManager\BMP</Filter>
    </ClCompile>
    <ClCompile Include="CAnimation.cpp">
      <Filter>Render\Animation</Filter>
    </ClCompile>
    <ClCompile Include="CAnimator.cpp">
      <Filter>Render\Animation</Filter>
    </ClCompile>
    <ClCompile Include="CMapManager.cpp">
      <Filter>Map</Filter>
    </ClCompile>
    <ClCompile Include="CTile.cpp">
      <Filter>Map</Filter>
    </ClCompile>
    <ClCompile Include="CSpriteRender_Level.cpp">
      <Filter>Scripts\Tool</Filter>
    </ClCompile>
    <ClCompile Include="CRandom.cpp">
      <Filter>Random</Filter>
    </ClCompile>
    <ClCompile Include="CTileMap.cpp">
      <Filter>Map</Filter>
    </ClCompile>
    <ClCompile Include="CResourceTile.cpp">
      <Filter>Scripts\Tool\Tile</Filter>
    </ClCompile>
    <ClCompile Include="CControlManager.cpp">
      <Filter>Scripts\Control</Filter>
    </ClCompile>
    <ClCompile Include="CCanvas.cpp">
      <Filter>UI</Filter>
    </ClCompile>
    <ClCompile Include="CUI.cpp">
      <Filter>UI</Filter>
    </ClCompile>
    <ClCompile Include="CImage.cpp">
      <Filter>UI</Filter>
    </ClCompile>
    <ClCompile Include="CRectTransform.cpp">
      <Filter>UI</Filter>
    </ClCompile>
    <ClCompile Include="CInventoryUI.cpp">
      <Filter>Scripts\UI</Filter>
    </ClCompile>
    <ClCompile Include="CButton.cpp">
      <Filter>UI</Filter>
    </ClCompile>
    <ClCompile Include="CPlayer.cpp">
      <Filter>Scripts\Player</Filter>
    </ClCompile>
    <ClCompile Include="CItemManager.cpp">
      <Filter>Item</Filter>
    </ClCompile>
    <ClCompile Include="CInventory.cpp">
      <Filter>Scripts\Player</Filter>
    </ClCompile>
    <ClCompile Include="CItem.cpp">
      <Filter>Item</Filter>
    </ClCompile>
    <ClCompile Include="CText.cpp">
      <Filter>UI</Filter>
    </ClCompile>
    <ClCompile Include="Particle_Ore.cpp">
      <Filter>Scripts\Particle</Filter>
    </ClCompile>
    <ClCompile Include="CItemSlot.cpp">
      <Filter>Scripts\UI</Filter>
    </ClCompile>
    <ClCompile Include="CCreateItemBtn.cpp">
      <Filter>Scripts\UI</Filter>
    </ClCompile>
    <ClCompile Include="CCreatingSlot.cpp">
      <Filter>Scripts\UI</Filter>
    </ClCompile>
    <ClCompile Include="CStructure.cpp">
      <Filter>Structure</Filter>
    </ClCompile>
    <ClCompile Include="CConsole.cpp">
      <Filter>Main</Filter>
    </ClCompile>
    <ClCompile Include="CStoneFurnace.cpp">
      <Filter>Structure\Structures</Filter>
    </ClCompile>
    <ClCompile Include="CAudioManager.cpp">
      <Filter>Sound</Filter>
    </ClCompile>
    <ClCompile Include="CAudioSource.cpp">
      <Filter>Sound</Filter>
    </ClCompile>
    <ClCompile Include="CAudioClip.cpp">
      <Filter>ResourceManager\AudioClip</Filter>
    </ClCompile>
    <ClCompile Include="CPhysics.cpp">
      <Filter>Physics</Filter>
    </ClCompile>
    <ClCompile Include="CCollider.cpp">
      <Filter>Physics\Collider</Filter>
    </ClCompile>
    <ClCompile Include="CCollider_Rect.cpp">
      <Filter>Physics\Collider</Filter>
    </ClCompile>
    <ClCompile Include="CInOutStructure.cpp">
      <Filter>Structure</Filter>
    </ClCompile>
    <ClCompile Include="struct.cpp">
      <Filter>Header</Filter>
    </ClCompile>
    <ClCompile Include="CBelt.cpp">
      <Filter>Structure\Structures</Filter>
    </ClCompile>
    <ClCompile Include="CBurnerDrill.cpp">
      <Filter>Structure\Structures</Filter>
    </ClCompile>
    <ClCompile Include="CBeltManager.cpp">
      <Filter>Structure\Structures</Filter>
    </ClCompile>
    <ClCompile Include="CDropItem.cpp">
      <Filter>Item</Filter>
    </ClCompile>
    <ClCompile Include="CMonster.cpp">
      <Filter>Scripts\Monster</Filter>
    </ClCompile>
    <ClCompile Include="CMonster_Biter.cpp">
      <Filter>Scripts\Monster</Filter>
    </ClCompile>
    <ClCompile Include="CObjHpSlot.cpp">
      <Filter>Scripts\UI</Filter>
    </ClCompile>
    <ClCompile Include="CMonsterManager.cpp">
      <Filter>Scripts\Monster</Filter>
    </ClCompile>
    <ClCompile Include="CMianScene.cpp">
      <Filter>Scene\Scenes</Filter>
    </ClCompile>
  </ItemGroup>
</Project>