<?xml version="1.0" encoding="utf-8"?>
<Project ToolsVersion="4.0" xmlns="http://schemas.microsoft.com/developer/msbuild/2003">
  <ItemGroup>
    <Filter Include="Headers">
      <UniqueIdentifier>{8d6c19de-3eb8-493b-b6a8-064a21bc2d1b}</UniqueIdentifier>
    </Filter>
    <Filter Include="Input">
      <UniqueIdentifier>{507dc491-2bc6-4904-ae47-1d011d6e3f79}</UniqueIdentifier>
    </Filter>
    <Filter Include="GameObject">
      <UniqueIdentifier>{6d53078f-32ce-4f55-9795-c0e08ed50697}</UniqueIdentifier>
    </Filter>
    <Filter Include="Component">
      <UniqueIdentifier>{a69de400-18b0-4eb9-9882-b0bc21f7123f}</UniqueIdentifier>
    </Filter>
    <Filter Include="Management">
      <UniqueIdentifier>{f5f07e68-95e9-4247-8be9-1208884a342d}</UniqueIdentifier>
    </Filter>
    <Filter Include="Management\Scene">
      <UniqueIdentifier>{e1ef8a0d-45b5-4a44-98fb-017abee47fd8}</UniqueIdentifier>
    </Filter>
    <Filter Include="Component\Render">
      <UniqueIdentifier>{b3304f73-f859-4bbc-9acd-699d8ff9c0bf}</UniqueIdentifier>
    </Filter>
    <Filter Include="Component\Camera">
      <UniqueIdentifier>{aa450809-9f5d-49e1-bf00-19a26adc00ec}</UniqueIdentifier>
    </Filter>
    <Filter Include="Component\Transform">
      <UniqueIdentifier>{692fc56f-1eef-43d6-9ab5-29f247db2fe6}</UniqueIdentifier>
    </Filter>
    <Filter Include="Time">
      <UniqueIdentifier>{1009cc85-991c-4a12-865f-cdc83d247063}</UniqueIdentifier>
    </Filter>
    <Filter Include="Time\Timer">
      <UniqueIdentifier>{69bf3fc2-d77c-4807-9bb7-7a9f97732b60}</UniqueIdentifier>
    </Filter>
    <Filter Include="Debug">
      <UniqueIdentifier>{b4409f93-e96f-480d-b33b-950fc17944fe}</UniqueIdentifier>
    </Filter>
    <Filter Include="Resources">
      <UniqueIdentifier>{7cc4f899-cd53-4aaa-ba6b-2c128fced140}</UniqueIdentifier>
    </Filter>
    <Filter Include="Resources\Resource">
      <UniqueIdentifier>{7d94d3ef-9e65-4574-ba14-be22ce5d6379}</UniqueIdentifier>
    </Filter>
    <Filter Include="Screen">
      <UniqueIdentifier>{ea213aa8-81c9-41bf-893f-48a72a027c23}</UniqueIdentifier>
    </Filter>
    <Filter Include="Editor">
      <UniqueIdentifier>{48211558-388d-4dd7-8a25-d1e6b77efc59}</UniqueIdentifier>
    </Filter>
    <Filter Include="Component\Render\Renderer">
      <UniqueIdentifier>{8cd759da-bb92-45d6-b334-796ce4114fd4}</UniqueIdentifier>
    </Filter>
    <Filter Include="Component\Render\Buffer">
      <UniqueIdentifier>{69491c9d-89ed-488a-b8db-a826ca60f7d6}</UniqueIdentifier>
    </Filter>
    <Filter Include="Component\Render\Material">
      <UniqueIdentifier>{a37fdac9-0238-496b-a79b-e90911025b7a}</UniqueIdentifier>
    </Filter>
    <Filter Include="Component\Light">
      <UniqueIdentifier>{ea7cb677-e686-4812-9418-e31568312679}</UniqueIdentifier>
    </Filter>
    <Filter Include="Object">
      <UniqueIdentifier>{a524ce89-3cbe-4217-8db2-74a5f9d27688}</UniqueIdentifier>
    </Filter>
    <Filter Include="System">
      <UniqueIdentifier>{98cf3306-a664-4dba-9273-491527de9b9a}</UniqueIdentifier>
    </Filter>
    <Filter Include="Editor\Windows">
      <UniqueIdentifier>{359b3c35-8fab-49c0-a26a-da43e12061c2}</UniqueIdentifier>
    </Filter>
    <Filter Include="System\FMod">
      <UniqueIdentifier>{a41bfcaa-bc9c-4fa6-af63-b89bbb2d4b9b}</UniqueIdentifier>
    </Filter>
    <Filter Include="System\DirectX">
      <UniqueIdentifier>{44397c6c-5aa0-4453-9f2f-da51343d34b2}</UniqueIdentifier>
    </Filter>
    <Filter Include="Component\Sound">
      <UniqueIdentifier>{4eaebbe4-9906-44fb-9987-f6694ef7461e}</UniqueIdentifier>
    </Filter>
  </ItemGroup>
  <ItemGroup>
    <ClInclude Include="..\Header\Engine_Define.h">
      <Filter>Headers</Filter>
    </ClInclude>
    <ClInclude Include="..\Header\Engine_Enum.h">
      <Filter>Headers</Filter>
    </ClInclude>
    <ClInclude Include="..\Header\Engine_Function.h">
      <Filter>Headers</Filter>
    </ClInclude>
    <ClInclude Include="..\Header\Engine_Macro.h">
      <Filter>Headers</Filter>
    </ClInclude>
    <ClInclude Include="..\Header\Engine_Struct.h">
      <Filter>Headers</Filter>
    </ClInclude>
    <ClInclude Include="..\Header\Engine_Typedef.h">
      <Filter>Headers</Filter>
    </ClInclude>
    <ClInclude Include="..\Header\ETime.h">
      <Filter>Time</Filter>
    </ClInclude>
    <ClInclude Include="..\Header\CTimer.h">
      <Filter>Time\Timer</Filter>
    </ClInclude>
    <ClInclude Include="..\Header\CInput.h">
      <Filter>Input</Filter>
    </ClInclude>
    <ClInclude Include="..\Header\GameObject.h">
      <Filter>GameObject</Filter>
    </ClInclude>
    <ClInclude Include="..\Header\Component.h">
      <Filter>Component</Filter>
    </ClInclude>
    <ClInclude Include="..\Header\CTransform.h">
      <Filter>Component\Transform</Filter>
    </ClInclude>
    <ClInclude Include="..\Header\Management.h">
      <Filter>Management</Filter>
    </ClInclude>
    <ClInclude Include="..\Header\Scene.h">
      <Filter>Management\Scene</Filter>
    </ClInclude>
    <ClInclude Include="..\Header\CCamera.h">
      <Filter>Component\Camera</Filter>
    </ClInclude>
    <ClInclude Include="..\Header\CDebug.h">
      <Filter>Debug</Filter>
    </ClInclude>
    <ClInclude Include="..\Header\CResources.h">
      <Filter>Resources</Filter>
    </ClInclude>
    <ClInclude Include="..\Header\CResource.h">
      <Filter>Resources</Filter>
    </ClInclude>
    <ClInclude Include="..\Header\CTexture.h">
      <Filter>Resources\Resource</Filter>
    </ClInclude>
    <ClInclude Include="..\Header\CScreen.h">
      <Filter>Screen</Filter>
    </ClInclude>
    <ClInclude Include="..\Header\CEngineEditor.h">
      <Filter>Editor</Filter>
    </ClInclude>
    <ClInclude Include="..\Header\CSpriteRenderer.h">
      <Filter>Component\Render\Renderer</Filter>
    </ClInclude>
    <ClInclude Include="..\Header\CRectCol.h">
      <Filter>Component\Render\Buffer</Filter>
    </ClInclude>
    <ClInclude Include="..\Header\CTriCol.h">
      <Filter>Component\Render\Buffer</Filter>
    </ClInclude>
    <ClInclude Include="..\Header\CVIBuffer.h">
      <Filter>Component\Render\Buffer</Filter>
    </ClInclude>
    <ClInclude Include="..\Header\CMeshFilter.h">
      <Filter>Component\Render\Buffer</Filter>
    </ClInclude>
    <ClInclude Include="..\Header\CMeshRenderer.h">
      <Filter>Component\Render\Renderer</Filter>
    </ClInclude>
    <ClInclude Include="..\Header\CMaterial.h">
      <Filter>Component\Render\Material</Filter>
    </ClInclude>
    <ClInclude Include="..\Header\CMesh.h">
      <Filter>Component\Render\Buffer</Filter>
    </ClInclude>
    <ClInclude Include="..\Header\CLight.h">
      <Filter>Component\Light</Filter>
    </ClInclude>
    <ClInclude Include="..\Header\Object.h">
      <Filter>Object</Filter>
    </ClInclude>
    <ClInclude Include="..\Header\CEditorCamera.h">
      <Filter>Component\Camera</Filter>
    </ClInclude>
    <ClInclude Include="..\Header\CEditorWindow.h">
      <Filter>Editor\Windows</Filter>
    </ClInclude>
    <ClInclude Include="..\Header\CHierachyWindow.h">
      <Filter>Editor\Windows</Filter>
    </ClInclude>
    <ClInclude Include="..\Header\CBaseWindow.h">
      <Filter>Editor\Windows</Filter>
    </ClInclude>
    <ClInclude Include="..\Header\CSceneWindow.h">
      <Filter>Editor\Windows</Filter>
    </ClInclude>
    <ClInclude Include="..\Header\CGameWindow.h">
      <Filter>Editor\Windows</Filter>
    </ClInclude>
    <ClInclude Include="..\Header\CInspectorWindow.h">
      <Filter>Editor\Windows</Filter>
    </ClInclude>
    <ClInclude Include="..\Header\CGraphicDev.h">
      <Filter>System\DirectX</Filter>
    </ClInclude>
    <ClInclude Include="..\Header\fmod.h">
      <Filter>System\FMod</Filter>
    </ClInclude>
    <ClInclude Include="..\Header\fmod_codec.h">
      <Filter>System\FMod</Filter>
    </ClInclude>
    <ClInclude Include="..\Header\fmod_common.h">
      <Filter>System\FMod</Filter>
    </ClInclude>
    <ClInclude Include="..\Header\fmod_dsp.h">
      <Filter>System\FMod</Filter>
    </ClInclude>
    <ClInclude Include="..\Header\fmod_dsp_effects.h">
      <Filter>System\FMod</Filter>
    </ClInclude>
    <ClInclude Include="..\Header\fmod_errors.h">
      <Filter>System\FMod</Filter>
    </ClInclude>
    <ClInclude Include="..\Header\fmod_output.h">
      <Filter>System\FMod</Filter>
    </ClInclude>
  </ItemGroup>
  <ItemGroup>
    <ClCompile Include="..\Code\Time.cpp">
      <Filter>Time</Filter>
    </ClCompile>
    <ClCompile Include="..\Code\CTimer.cpp">
      <Filter>Time\Timer</Filter>
    </ClCompile>
    <ClCompile Include="..\Code\CInput.cpp">
      <Filter>Input</Filter>
    </ClCompile>
    <ClCompile Include="..\Code\GameObject.cpp">
      <Filter>GameObject</Filter>
    </ClCompile>
    <ClCompile Include="..\Code\Component.cpp">
      <Filter>Component</Filter>
    </ClCompile>
    <ClCompile Include="..\Code\CTransform.cpp">
      <Filter>Component\Transform</Filter>
    </ClCompile>
    <ClCompile Include="..\Code\Management.cpp">
      <Filter>Management</Filter>
    </ClCompile>
    <ClCompile Include="..\Code\Scene.cpp">
      <Filter>Management\Scene</Filter>
    </ClCompile>
    <ClCompile Include="..\Code\CCamera.cpp">
      <Filter>Component\Camera</Filter>
    </ClCompile>
    <ClCompile Include="..\Code\CDebug.cpp">
      <Filter>Debug</Filter>
    </ClCompile>
    <ClCompile Include="..\Code\CResources.cpp">
      <Filter>Resources</Filter>
    </ClCompile>
    <ClCompile Include="..\Code\CResource.cpp">
      <Filter>Resources</Filter>
    </ClCompile>
    <ClCompile Include="..\Code\CTexture.cpp">
      <Filter>Resources\Resource</Filter>
    </ClCompile>
    <ClCompile Include="..\Code\CScreen.cpp">
      <Filter>Screen</Filter>
    </ClCompile>
    <ClCompile Include="..\Code\CSpriteRenderer.cpp">
      <Filter>Component\Render\Renderer</Filter>
    </ClCompile>
    <ClCompile Include="..\Code\CRectCol.cpp">
      <Filter>Component\Render\Buffer</Filter>
    </ClCompile>
    <ClCompile Include="..\Code\CTriCol.cpp">
      <Filter>Component\Render\Buffer</Filter>
    </ClCompile>
    <ClCompile Include="..\Code\CVIBuffer.cpp">
      <Filter>Component\Render\Buffer</Filter>
    </ClCompile>
    <ClCompile Include="..\Code\CMeshFilter.cpp">
      <Filter>Component\Render\Buffer</Filter>
    </ClCompile>
    <ClCompile Include="..\Code\CMeshRenderer.cpp">
      <Filter>Component\Render\Renderer</Filter>
    </ClCompile>
    <ClCompile Include="..\Code\CMaterial.cpp">
      <Filter>Component\Render\Material</Filter>
    </ClCompile>
    <ClCompile Include="..\Code\CMesh.cpp">
      <Filter>Component\Render\Buffer</Filter>
    </ClCompile>
    <ClCompile Include="..\Code\CLight.cpp">
      <Filter>Component\Light</Filter>
    </ClCompile>
    <ClCompile Include="..\Code\Object.cpp">
      <Filter>Object</Filter>
    </ClCompile>
    <ClCompile Include="..\Code\CEditorCamera.cpp">
      <Filter>Component\Camera</Filter>
    </ClCompile>
    <ClCompile Include="..\Code\CEditorWindow.cpp">
      <Filter>Editor\Windows</Filter>
    </ClCompile>
    <ClCompile Include="..\Code\CEngineEditor.cpp">
      <Filter>Editor</Filter>
    </ClCompile>
    <ClCompile Include="..\Code\CHierachyWindow.cpp">
      <Filter>Editor\Windows</Filter>
    </ClCompile>
    <ClCompile Include="..\Code\CBaseWindow.cpp">
      <Filter>Editor\Windows</Filter>
    </ClCompile>
    <ClCompile Include="..\Code\CSceneWindow.cpp">
      <Filter>Editor\Windows</Filter>
    </ClCompile>
    <ClCompile Include="..\Code\CGameWindow.cpp">
      <Filter>Editor\Windows</Filter>
    </ClCompile>
    <ClCompile Include="..\Code\CInspectorWindow.cpp">
      <Filter>Editor\Windows</Filter>
    </ClCompile>
    <ClCompile Include="..\Code\CGraphicDev.cpp">
      <Filter>System\DirectX</Filter>
    </ClCompile>
  </ItemGroup>
  <ItemGroup>
    <ResourceCompile Include="Engine.rc" />
  </ItemGroup>
  <ItemGroup>
    <None Include="..\Header\fmod_dsp.cs">
      <Filter>System\FMod</Filter>
    </None>
  </ItemGroup>
</Project>