<?xml version="1.0" encoding="utf-8"?>
<Project ToolsVersion="4.0" xmlns="http://schemas.microsoft.com/developer/msbuild/2003">
  <ItemGroup>
    <Filter Include="GraphicDev">
      <UniqueIdentifier>{98cf3306-a664-4dba-9273-491527de9b9a}</UniqueIdentifier>
    </Filter>
    <Filter Include="FrameMgr">
      <UniqueIdentifier>{008d917b-1a80-4e5d-90f0-a48b5db8478c}</UniqueIdentifier>
    </Filter>
    <Filter Include="FrameMgr\Frame">
      <UniqueIdentifier>{450e7762-9a5c-472e-9243-e60db2a293b3}</UniqueIdentifier>
    </Filter>
    <Filter Include="Headers">
      <UniqueIdentifier>{8d6c19de-3eb8-493b-b6a8-064a21bc2d1b}</UniqueIdentifier>
    </Filter>
    <Filter Include="Input">
      <UniqueIdentifier>{507dc491-2bc6-4904-ae47-1d011d6e3f79}</UniqueIdentifier>
    </Filter>
    <Filter Include="GameObject">
      <UniqueIdentifier>{6d53078f-32ce-4f55-9795-c0e08ed50697}</UniqueIdentifier>
    </Filter>
    <Filter Include="Component">
      <UniqueIdentifier>{a69de400-18b0-4eb9-9882-b0bc21f7123f}</UniqueIdentifier>
    </Filter>
    <Filter Include="Management">
      <UniqueIdentifier>{f5f07e68-95e9-4247-8be9-1208884a342d}</UniqueIdentifier>
    </Filter>
    <Filter Include="Management\Scene">
      <UniqueIdentifier>{e1ef8a0d-45b5-4a44-98fb-017abee47fd8}</UniqueIdentifier>
    </Filter>
    <Filter Include="Component\Render">
      <UniqueIdentifier>{b3304f73-f859-4bbc-9acd-699d8ff9c0bf}</UniqueIdentifier>
    </Filter>
    <Filter Include="Component\Camera">
      <UniqueIdentifier>{aa450809-9f5d-49e1-bf00-19a26adc00ec}</UniqueIdentifier>
    </Filter>
    <Filter Include="Component\Transform">
      <UniqueIdentifier>{692fc56f-1eef-43d6-9ab5-29f247db2fe6}</UniqueIdentifier>
    </Filter>
    <Filter Include="Time">
      <UniqueIdentifier>{1009cc85-991c-4a12-865f-cdc83d247063}</UniqueIdentifier>
    </Filter>
    <Filter Include="Time\Timer">
      <UniqueIdentifier>{69bf3fc2-d77c-4807-9bb7-7a9f97732b60}</UniqueIdentifier>
    </Filter>
    <Filter Include="Debug">
      <UniqueIdentifier>{b4409f93-e96f-480d-b33b-950fc17944fe}</UniqueIdentifier>
    </Filter>
    <Filter Include="Resources">
      <UniqueIdentifier>{7cc4f899-cd53-4aaa-ba6b-2c128fced140}</UniqueIdentifier>
    </Filter>
    <Filter Include="Resources\Resource">
      <UniqueIdentifier>{7d94d3ef-9e65-4574-ba14-be22ce5d6379}</UniqueIdentifier>
    </Filter>
  </ItemGroup>
  <ItemGroup>
    <ClInclude Include="..\Header\CGraphicDev.h">
      <Filter>GraphicDev</Filter>
    </ClInclude>
    <ClInclude Include="..\Header\Engine_Define.h">
      <Filter>Headers</Filter>
    </ClInclude>
    <ClInclude Include="..\Header\Engine_Enum.h">
      <Filter>Headers</Filter>
    </ClInclude>
    <ClInclude Include="..\Header\Engine_Function.h">
      <Filter>Headers</Filter>
    </ClInclude>
    <ClInclude Include="..\Header\Engine_Macro.h">
      <Filter>Headers</Filter>
    </ClInclude>
    <ClInclude Include="..\Header\Engine_Struct.h">
      <Filter>Headers</Filter>
    </ClInclude>
    <ClInclude Include="..\Header\Engine_Typedef.h">
      <Filter>Headers</Filter>
    </ClInclude>
    <ClInclude Include="..\Header\CTimeMgr.h">
      <Filter>Time</Filter>
    </ClInclude>
    <ClInclude Include="..\Header\CTimer.h">
      <Filter>Time\Timer</Filter>
    </ClInclude>
    <ClInclude Include="..\Header\CFrame.h">
      <Filter>FrameMgr\Frame</Filter>
    </ClInclude>
    <ClInclude Include="..\Header\CFrameMgr.h">
      <Filter>FrameMgr</Filter>
    </ClInclude>
    <ClInclude Include="..\Header\CInput.h">
      <Filter>Input</Filter>
    </ClInclude>
    <ClInclude Include="resource.h" />
    <ClInclude Include="..\Header\CGameObject.h">
      <Filter>GameObject</Filter>
    </ClInclude>
    <ClInclude Include="..\Header\CComponent.h">
      <Filter>Component</Filter>
    </ClInclude>
    <ClInclude Include="..\Header\CTransform.h">
      <Filter>Component\Transform</Filter>
    </ClInclude>
    <ClInclude Include="..\Header\CManagement.h">
      <Filter>Management</Filter>
    </ClInclude>
    <ClInclude Include="..\Header\CScene.h">
      <Filter>Management\Scene</Filter>
    </ClInclude>
    <ClInclude Include="..\Header\CVIBuffer.h">
      <Filter>Component\Render</Filter>
    </ClInclude>
    <ClInclude Include="..\Header\CTriCol.h">
      <Filter>Component\Render</Filter>
    </ClInclude>
    <ClInclude Include="..\Header\CCamera.h">
      <Filter>Component\Camera</Filter>
    </ClInclude>
    <ClInclude Include="..\Header\CSpriteRenderer.h">
      <Filter>Component\Render</Filter>
    </ClInclude>
    <ClInclude Include="..\Header\CRectCol.h">
      <Filter>Component\Render</Filter>
    </ClInclude>
    <ClInclude Include="..\Header\CDebug.h">
      <Filter>Debug</Filter>
    </ClInclude>
    <ClInclude Include="..\Header\CResources.h">
      <Filter>Resources</Filter>
    </ClInclude>
    <ClInclude Include="..\Header\CResource.h">
      <Filter>Resources</Filter>
    </ClInclude>
    <ClInclude Include="..\Header\CTexture.h">
      <Filter>Resources\Resource</Filter>
    </ClInclude>
  </ItemGroup>
  <ItemGroup>
    <ClCompile Include="..\Code\CGraphicDev.cpp">
      <Filter>GraphicDev</Filter>
    </ClCompile>
    <ClCompile Include="..\Code\CTimeMgr.cpp">
      <Filter>Time</Filter>
    </ClCompile>
    <ClCompile Include="..\Code\CTimer.cpp">
      <Filter>Time\Timer</Filter>
    </ClCompile>
    <ClCompile Include="..\Code\CFrame.cpp">
      <Filter>FrameMgr\Frame</Filter>
    </ClCompile>
    <ClCompile Include="..\Code\CFrameMgr.cpp">
      <Filter>FrameMgr</Filter>
    </ClCompile>
    <ClCompile Include="..\Code\CInput.cpp">
      <Filter>Input</Filter>
    </ClCompile>
    <ClCompile Include="..\Code\CGameObject.cpp">
      <Filter>GameObject</Filter>
    </ClCompile>
    <ClCompile Include="..\Code\CComponent.cpp">
      <Filter>Component</Filter>
    </ClCompile>
    <ClCompile Include="..\Code\CTransform.cpp">
      <Filter>Component\Transform</Filter>
    </ClCompile>
    <ClCompile Include="..\Code\CManagement.cpp">
      <Filter>Management</Filter>
    </ClCompile>
    <ClCompile Include="..\Code\CScene.cpp">
      <Filter>Management\Scene</Filter>
    </ClCompile>
    <ClCompile Include="..\Code\CVIBuffer.cpp">
      <Filter>Component\Render</Filter>
    </ClCompile>
    <ClCompile Include="..\Code\CTriCol.cpp">
      <Filter>Component\Render</Filter>
    </ClCompile>
    <ClCompile Include="..\Code\CCamera.cpp">
      <Filter>Component\Camera</Filter>
    </ClCompile>
    <ClCompile Include="..\Code\CSpriteRenderer.cpp">
      <Filter>Component\Render</Filter>
    </ClCompile>
    <ClCompile Include="..\Code\CRectCol.cpp">
      <Filter>Component\Render</Filter>
    </ClCompile>
    <ClCompile Include="..\Code\CDebug.cpp">
      <Filter>Debug</Filter>
    </ClCompile>
    <ClCompile Include="..\Code\CResources.cpp">
      <Filter>Resources</Filter>
    </ClCompile>
    <ClCompile Include="..\Code\CResource.cpp">
      <Filter>Resources</Filter>
    </ClCompile>
    <ClCompile Include="..\Code\CTexture.cpp">
      <Filter>Resources\Resource</Filter>
    </ClCompile>
  </ItemGroup>
  <ItemGroup>
    <ResourceCompile Include="Engine.rc" />
  </ItemGroup>
</Project>