<?xml version="1.0" encoding="utf-8"?>
<Project ToolsVersion="4.0" xmlns="http://schemas.microsoft.com/developer/msbuild/2003">
  <ItemGroup>
    <Filter Include="리소스 파일">
      <UniqueIdentifier>{67DA6AB6-F800-4c08-8B7A-83BB121AAD01}</UniqueIdentifier>
      <Extensions>rc;ico;cur;bmp;dlg;rc2;rct;bin;rgs;gif;jpg;jpeg;jpe;resx;tiff;tif;png;wav;mfcribbon-ms</Extensions>
    </Filter>
    <Filter Include="MainApp">
      <UniqueIdentifier>{99f2e93f-1863-405c-9814-df15c0538f1c}</UniqueIdentifier>
    </Filter>
    <Filter Include="Scene">
      <UniqueIdentifier>{4e6c65c5-d248-4809-a6bb-0a66225bd85d}</UniqueIdentifier>
    </Filter>
    <Filter Include="Scene\MainScene">
      <UniqueIdentifier>{420dcaac-835f-489c-b35f-026ba9fe305f}</UniqueIdentifier>
    </Filter>
    <Filter Include="Scripts">
      <UniqueIdentifier>{1c14d798-1495-4321-b108-4fb797ab809a}</UniqueIdentifier>
    </Filter>
    <Filter Include="Headers">
      <UniqueIdentifier>{93995380-89BD-4b04-88EB-625FBE52EBFB}</UniqueIdentifier>
      <Extensions>h;hh;hpp;hxx;h++;hm;inl;inc;ipp;xsd</Extensions>
    </Filter>
  </ItemGroup>
  <ItemGroup>
    <ClInclude Include="framework.h">
      <Filter>Headers</Filter>
    </ClInclude>
    <ClInclude Include="targetver.h">
      <Filter>Headers</Filter>
    </ClInclude>
    <ClInclude Include="Resource.h">
      <Filter>Headers</Filter>
    </ClInclude>
    <ClInclude Include="pch.h">
      <Filter>Headers</Filter>
    </ClInclude>
    <ClInclude Include="..\Header\CMainScene.h">
      <Filter>Scene\MainScene</Filter>
    </ClInclude>
    <ClInclude Include="..\Header\CPlayer.h">
      <Filter>Scripts</Filter>
    </ClInclude>
    <ClInclude Include="..\Header\CEnemy.h">
      <Filter>Scripts</Filter>
    </ClInclude>
    <ClInclude Include="Client.h">
      <Filter>MainApp</Filter>
    </ClInclude>
    <ClInclude Include="..\Header\CMainProcess.h">
      <Filter>MainApp</Filter>
    </ClInclude>
  </ItemGroup>
  <ItemGroup>
    <ClCompile Include="..\Code\CMainScene.cpp">
      <Filter>Scene\MainScene</Filter>
    </ClCompile>
    <ClCompile Include="..\Code\CPlayer.cpp">
      <Filter>Scripts</Filter>
    </ClCompile>
    <ClCompile Include="Client.cpp">
      <Filter>MainApp</Filter>
    </ClCompile>
    <ClCompile Include="pch.cpp">
      <Filter>Headers</Filter>
    </ClCompile>
    <ClCompile Include="..\Code\CEnemy.cpp">
      <Filter>Scripts</Filter>
    </ClCompile>
    <ClCompile Include="..\Code\CMainProcess.cpp">
      <Filter>MainApp</Filter>
    </ClCompile>
  </ItemGroup>
  <ItemGroup>
    <ResourceCompile Include="Client.rc">
      <Filter>리소스 파일</Filter>
    </ResourceCompile>
  </ItemGroup>
  <ItemGroup>
    <Image Include="small.ico">
      <Filter>리소스 파일</Filter>
    </Image>
    <Image Include="Client.ico">
      <Filter>리소스 파일</Filter>
    </Image>
  </ItemGroup>
</Project>