
Microsoft Visual Studio Solution File, Format Version 12.00
# Visual Studio Version 17
VisualStudioVersion = 17.10.35122.118
MinimumVisualStudioVersion = 10.0.40219.1
Project("{2150E333-8FDC-42A3-9474-1A3956D46DE8}") = "Client", "Client", "{F020460F-CD0C-44FC-BE10-DAC15FB01B79}"
EndProject
Project("{2150E333-8FDC-42A3-9474-1A3956D46DE8}") = "Engine", "Engine", "{77FB9418-497F-4787-A342-4361BC243D58}"
EndProject
Project("{8BC9CEB8-8B4A-11D0-8D11-00A0C91BC942}") = "Client", "Client\Include\Client.vcxproj", "{BD11A313-4F34-491D-A437-F471BABEBC3D}"
EndProject
Project("{8BC9CEB8-8B4A-11D0-8D11-00A0C91BC942}") = "Engine", "Engine\Include\Engine.vcxproj", "{44798D95-6C77-4D73-A1D5-3C9B1B4566B8}"
EndProject
Global
	GlobalSection(SolutionConfigurationPlatforms) = preSolution
		Debug|x64 = Debug|x64
		Debug|x86 = Debug|x86
		Release|x64 = Release|x64
		Release|x86 = Release|x86
	EndGlobalSection
	GlobalSection(ProjectConfigurationPlatforms) = postSolution
		{BD11A313-4F34-491D-A437-F471BABEBC3D}.Debug|x64.ActiveCfg = Debug|x64
		{BD11A313-4F34-491D-A437-F471BABEBC3D}.Debug|x64.Build.0 = Debug|x64
		{BD11A313-4F34-491D-A437-F471BABEBC3D}.Debug|x86.ActiveCfg = Debug|Win32
		{BD11A313-4F34-491D-A437-F471BABEBC3D}.Debug|x86.Build.0 = Debug|Win32
		{BD11A313-4F34-491D-A437-F471BABEBC3D}.Release|x64.ActiveCfg = Release|x64
		{BD11A313-4F34-491D-A437-F471BABEBC3D}.Release|x64.Build.0 = Release|x64
		{BD11A313-4F34-491D-A437-F471BABEBC3D}.Release|x86.ActiveCfg = Release|Win32
		{BD11A313-4F34-491D-A437-F471BABEBC3D}.Release|x86.Build.0 = Release|Win32
		{44798D95-6C77-4D73-A1D5-3C9B1B4566B8}.Debug|x64.ActiveCfg = Debug|x64
		{44798D95-6C77-4D73-A1D5-3C9B1B4566B8}.Debug|x64.Build.0 = Debug|x64
		{44798D95-6C77-4D73-A1D5-3C9B1B4566B8}.Debug|x86.ActiveCfg = Debug|Win32
		{44798D95-6C77-4D73-A1D5-3C9B1B4566B8}.Debug|x86.Build.0 = Debug|Win32
		{44798D95-6C77-4D73-A1D5-3C9B1B4566B8}.Release|x64.ActiveCfg = Release|x64
		{44798D95-6C77-4D73-A1D5-3C9B1B4566B8}.Release|x64.Build.0 = Release|x64
		{44798D95-6C77-4D73-A1D5-3C9B1B4566B8}.Release|x86.ActiveCfg = Release|Win32
		{44798D95-6C77-4D73-A1D5-3C9B1B4566B8}.Release|x86.Build.0 = Release|Win32
	EndGlobalSection
	GlobalSection(SolutionProperties) = preSolution
		HideSolutionNode = FALSE
	EndGlobalSection
	GlobalSection(NestedProjects) = preSolution
		{BD11A313-4F34-491D-A437-F471BABEBC3D} = {F020460F-CD0C-44FC-BE10-DAC15FB01B79}
		{44798D95-6C77-4D73-A1D5-3C9B1B4566B8} = {77FB9418-497F-4787-A342-4361BC243D58}
	EndGlobalSection
	GlobalSection(ExtensibilityGlobals) = postSolution
		SolutionGuid = {914068A3-DFEF-4F2C-8D76-6E9EAD92F0C0}
	EndGlobalSection
EndGlobal
